{
  "originHash" : "01f997466d8e96cd2bf9119466c66469ba7eaf19c405ac3fd460f97e23dfa966",
  "pins" : [
    {
      "identity" : "mqttcocoaasyncsocket",
      "kind" : "remoteSourceControl",
      "location" : "https://github.com/leeway1208/MqttCocoaAsyncSocket.git",
      "state" : {
        "revision" : "ce3e18607fd01079495f86ff6195d8a3ca469f73",
        "version" : "1.0.8"
      }
    }
  ],
  "version" : 3
}
