PODS:
  - CocoaAsyncSocket (7.6.1)
  - CocoaMQTT (1.0.20):
    - CocoaAsyncSocket (~> 7.6.1)
    - SwiftyTimer (~> 2.0.0)
  - SwiftyTimer (2.0.0)

DEPENDENCIES:
  - CocoaMQTT (from `../`)

EXTERNAL SOURCES:
  CocoaMQTT:
    :path: ../

SPEC CHECKSUMS:
  CocoaAsyncSocket: 7eadd3f59e1a6c84e2aefc93e9ff7b55156fe174
  CocoaMQTT: 53c718aeb55dea40dfb7ccba110c460fd992a3cc
  SwiftyTimer: 2efd74b060d69ad4f1496baf5bbedbe132125fcf

PODFILE CHECKSUM: aa5a6ba4b6f0388e9529591aff7fd3f7146ae073

COCOAPODS: 1.3.1
