PODS:
  - CocoaAsyncSocket (7.6.3)
  - CocoaMQTT (1.1.3):
    - CocoaAsyncSocket (~> 7.6.3)

DEPENDENCIES:
  - CocoaMQTT (from `../`)

SPEC REPOS:
  https://github.com/cocoapods/specs.git:
    - CocoaAsyncSocket

EXTERNAL SOURCES:
  CocoaMQTT:
    :path: "../"

SPEC CHECKSUMS:
  CocoaAsyncSocket: eafaa68a7e0ec99ead0a7b35015e0bf25d2c8987
  CocoaMQTT: 4a3c50d10456c4472e1649379a1e44fe8a531e94

PODFILE CHECKSUM: aa5a6ba4b6f0388e9529591aff7fd3f7146ae073

COCOAPODS: 1.5.3
