{
  "object": {
    "pins": [
      {
        "package": "MqttCocoaAsyncSocket",
        "repositoryURL": "https://github.com/leeway1208/MqttCocoaAsyncSocket",
        "state": {
          "branch": null,
          "revision": "ce3e18607fd01079495f86ff6195d8a3ca469f73",
          "version": "1.0.8"
        }
      },
      {
        "package": "Starscream",
        "repositoryURL": "https://github.com/daltoniam/Starscream.git",
        "state": {
          "branch": null,
          "revision": "c6bfd1af48efcc9a9ad203665db12375ba6b145a",
          "version": "4.0.8"
        }
      }
    ]
  },
  "version": 1
}
