PODS:
  - CocoaAsyncSocket (7.5.1):
    - CocoaAsyncSocket/GCD (= 7.5.1)
  - CocoaAsyncSocket/GCD (7.5.1)
  - MSWeakTimer (1.1.0)

DEPENDENCIES:
  - CocoaAsyncSocket
  - MSWeakTimer

SPEC CHECKSUMS:
  CocoaAsyncSocket: e0a7e93b2ffa411592ff87e58524fbbc9b95b4fa
  MSWeakTimer: 9426150f933b80ed3acf3f6d228e4b61f0e303c8

PODFILE CHECKSUM: 023f322721dcf930f6c8943485e460e659fbbec7

COCOAPODS: 1.1.0.rc.2
