PODS:
  - CocoaAsyncSocket (7.5.1):
    - CocoaAsyncSocket/GCD (= 7.5.1)
  - CocoaAsyncSocket/GCD (7.5.1)
  - SwiftyTimer (2.0.0)

DEPENDENCIES:
  - CocoaAsyncSocket
  - SwiftyTimer

SPEC CHECKSUMS:
  CocoaAsyncSocket: e0a7e93b2ffa411592ff87e58524fbbc9b95b4fa
  SwiftyTimer: 2efd74b060d69ad4f1496baf5bbedbe132125fcf

PODFILE CHECKSUM: 9ddd3886e2f1d1fd85ea63bb7dfcbd8503aff551

COCOAPODS: 1.2.0
