// !$*UTF8*$!
{
	archiveVersion = 1;
	classes = {
	};
	objectVersion = 46;
	objects = {

/* Begin PBXBuildFile section */
		8B39FA6C198DDC1E00857471 /* CocoaMQTT.swift in Sources */ = {isa = PBXBuildFile; fileRef = 8B39FA6B198DDC1E00857471 /* CocoaMQTT.swift */; };
		8B39FA6E198DDC2900857471 /* CocoaMQTTFrame.swift in Sources */ = {isa = PBXBuildFile; fileRef = 8B39FA6D198DDC2900857471 /* CocoaMQTTFrame.swift */; };
		8B39FA71198DDC7900857471 /* MSWeakTimer.m in Sources */ = {isa = PBXBuildFile; fileRef = 8B39FA70198DDC7900857471 /* MSWeakTimer.m */; };
		8B39FA74198DDCB300857471 /* GCDAsyncSocket.m in Sources */ = {isa = PBXBuildFile; fileRef = 8B39FA73198DDCB300857471 /* GCDAsyncSocket.m */; };
		8B39FA77198DDE1800857471 /* CocoaMQTTMessage.swift in Sources */ = {isa = PBXBuildFile; fileRef = 8B39FA76198DDE1800857471 /* CocoaMQTTMessage.swift */; };
		8BF70344198DDB7900A220F6 /* main.swift in Sources */ = {isa = PBXBuildFile; fileRef = 8BF70343198DDB7900A220F6 /* main.swift */; };
/* End PBXBuildFile section */

/* Begin PBXCopyFilesBuildPhase section */
		8BF7033E198DDB7900A220F6 /* CopyFiles */ = {
			isa = PBXCopyFilesBuildPhase;
			buildActionMask = 2147483647;
			dstPath = /usr/share/man/man1/;
			dstSubfolderSpec = 0;
			files = (
			);
			runOnlyForDeploymentPostprocessing = 1;
		};
/* End PBXCopyFilesBuildPhase section */

/* Begin PBXFileReference section */
		8B39FA6B198DDC1E00857471 /* CocoaMQTT.swift */ = {isa = PBXFileReference; fileEncoding = 4; lastKnownFileType = sourcecode.swift; path = CocoaMQTT.swift; sourceTree = "<group>"; };
		8B39FA6D198DDC2900857471 /* CocoaMQTTFrame.swift */ = {isa = PBXFileReference; fileEncoding = 4; lastKnownFileType = sourcecode.swift; path = CocoaMQTTFrame.swift; sourceTree = "<group>"; };
		8B39FA6F198DDC7900857471 /* MSWeakTimer.h */ = {isa = PBXFileReference; fileEncoding = 4; lastKnownFileType = sourcecode.c.h; path = MSWeakTimer.h; sourceTree = "<group>"; };
		8B39FA70198DDC7900857471 /* MSWeakTimer.m */ = {isa = PBXFileReference; fileEncoding = 4; lastKnownFileType = sourcecode.c.objc; path = MSWeakTimer.m; sourceTree = "<group>"; };
		8B39FA72198DDCB300857471 /* GCDAsyncSocket.h */ = {isa = PBXFileReference; fileEncoding = 4; lastKnownFileType = sourcecode.c.h; path = GCDAsyncSocket.h; sourceTree = "<group>"; };
		8B39FA73198DDCB300857471 /* GCDAsyncSocket.m */ = {isa = PBXFileReference; fileEncoding = 4; lastKnownFileType = sourcecode.c.objc; path = GCDAsyncSocket.m; sourceTree = "<group>"; };
		8B39FA75198DDD9200857471 /* CocoaMQTT-Bridging-Header.h */ = {isa = PBXFileReference; fileEncoding = 4; lastKnownFileType = sourcecode.c.h; path = "CocoaMQTT-Bridging-Header.h"; sourceTree = "<group>"; };
		8B39FA76198DDE1800857471 /* CocoaMQTTMessage.swift */ = {isa = PBXFileReference; fileEncoding = 4; lastKnownFileType = sourcecode.swift; path = CocoaMQTTMessage.swift; sourceTree = "<group>"; };
		8BF70340198DDB7900A220F6 /* CocoaMQTT */ = {isa = PBXFileReference; explicitFileType = "compiled.mach-o.executable"; includeInIndex = 0; path = CocoaMQTT; sourceTree = BUILT_PRODUCTS_DIR; };
		8BF70343198DDB7900A220F6 /* main.swift */ = {isa = PBXFileReference; lastKnownFileType = sourcecode.swift; path = main.swift; sourceTree = "<group>"; };
/* End PBXFileReference section */

/* Begin PBXFrameworksBuildPhase section */
		8BF7033D198DDB7900A220F6 /* Frameworks */ = {
			isa = PBXFrameworksBuildPhase;
			buildActionMask = 2147483647;
			files = (
			);
			runOnlyForDeploymentPostprocessing = 0;
		};
/* End PBXFrameworksBuildPhase section */

/* Begin PBXGroup section */
		8BF70337198DDB7900A220F6 = {
			isa = PBXGroup;
			children = (
				8BF70342198DDB7900A220F6 /* CocoaMQTT */,
				8BF70341198DDB7900A220F6 /* Products */,
			);
			sourceTree = "<group>";
		};
		8BF70341198DDB7900A220F6 /* Products */ = {
			isa = PBXGroup;
			children = (
				8BF70340198DDB7900A220F6 /* CocoaMQTT */,
			);
			name = Products;
			sourceTree = "<group>";
		};
		8BF70342198DDB7900A220F6 /* CocoaMQTT */ = {
			isa = PBXGroup;
			children = (
				8B39FA72198DDCB300857471 /* GCDAsyncSocket.h */,
				8B39FA73198DDCB300857471 /* GCDAsyncSocket.m */,
				8B39FA6F198DDC7900857471 /* MSWeakTimer.h */,
				8B39FA70198DDC7900857471 /* MSWeakTimer.m */,
				8BF70343198DDB7900A220F6 /* main.swift */,
				8B39FA6B198DDC1E00857471 /* CocoaMQTT.swift */,
				8B39FA6D198DDC2900857471 /* CocoaMQTTFrame.swift */,
				8B39FA75198DDD9200857471 /* CocoaMQTT-Bridging-Header.h */,
				8B39FA76198DDE1800857471 /* CocoaMQTTMessage.swift */,
			);
			path = CocoaMQTT;
			sourceTree = "<group>";
		};
/* End PBXGroup section */

/* Begin PBXNativeTarget section */
		8BF7033F198DDB7900A220F6 /* CocoaMQTT */ = {
			isa = PBXNativeTarget;
			buildConfigurationList = 8BF70347198DDB7900A220F6 /* Build configuration list for PBXNativeTarget "CocoaMQTT" */;
			buildPhases = (
				8BF7033C198DDB7900A220F6 /* Sources */,
				8BF7033D198DDB7900A220F6 /* Frameworks */,
				8BF7033E198DDB7900A220F6 /* CopyFiles */,
			);
			buildRules = (
			);
			dependencies = (
			);
			name = CocoaMQTT;
			productName = CocoaMQTT;
			productReference = 8BF70340198DDB7900A220F6 /* CocoaMQTT */;
			productType = "com.apple.product-type.tool";
		};
/* End PBXNativeTarget section */

/* Begin PBXProject section */
		8BF70338198DDB7900A220F6 /* Project object */ = {
			isa = PBXProject;
			attributes = {
				LastUpgradeCheck = 0600;
				ORGANIZATIONNAME = slimpp.io;
				TargetAttributes = {
					8BF7033F198DDB7900A220F6 = {
						CreatedOnToolsVersion = 6.0;
					};
				};
			};
			buildConfigurationList = 8BF7033B198DDB7900A220F6 /* Build configuration list for PBXProject "CocoaMQTT" */;
			compatibilityVersion = "Xcode 3.2";
			developmentRegion = English;
			hasScannedForEncodings = 0;
			knownRegions = (
				en,
			);
			mainGroup = 8BF70337198DDB7900A220F6;
			productRefGroup = 8BF70341198DDB7900A220F6 /* Products */;
			projectDirPath = "";
			projectRoot = "";
			targets = (
				8BF7033F198DDB7900A220F6 /* CocoaMQTT */,
			);
		};
/* End PBXProject section */

/* Begin PBXSourcesBuildPhase section */
		8BF7033C198DDB7900A220F6 /* Sources */ = {
			isa = PBXSourcesBuildPhase;
			buildActionMask = 2147483647;
			files = (
				8BF70344198DDB7900A220F6 /* main.swift in Sources */,
				8B39FA77198DDE1800857471 /* CocoaMQTTMessage.swift in Sources */,
				8B39FA74198DDCB300857471 /* GCDAsyncSocket.m in Sources */,
				8B39FA71198DDC7900857471 /* MSWeakTimer.m in Sources */,
				8B39FA6C198DDC1E00857471 /* CocoaMQTT.swift in Sources */,
				8B39FA6E198DDC2900857471 /* CocoaMQTTFrame.swift in Sources */,
			);
			runOnlyForDeploymentPostprocessing = 0;
		};
/* End PBXSourcesBuildPhase section */

/* Begin XCBuildConfiguration section */
		8BF70345198DDB7900A220F6 /* Debug */ = {
			isa = XCBuildConfiguration;
			buildSettings = {
				ALWAYS_SEARCH_USER_PATHS = NO;
				CLANG_CXX_LANGUAGE_STANDARD = "gnu++0x";
				CLANG_CXX_LIBRARY = "libc++";
				CLANG_ENABLE_MODULES = YES;
				CLANG_ENABLE_OBJC_ARC = YES;
				CLANG_WARN_BOOL_CONVERSION = YES;
				CLANG_WARN_CONSTANT_CONVERSION = YES;
				CLANG_WARN_DIRECT_OBJC_ISA_USAGE = YES_ERROR;
				CLANG_WARN_EMPTY_BODY = YES;
				CLANG_WARN_ENUM_CONVERSION = YES;
				CLANG_WARN_INT_CONVERSION = YES;
				CLANG_WARN_OBJC_ROOT_CLASS = YES_ERROR;
				CLANG_WARN_UNREACHABLE_CODE = YES;
				CLANG_WARN__DUPLICATE_METHOD_MATCH = YES;
				COPY_PHASE_STRIP = NO;
				ENABLE_STRICT_OBJC_MSGSEND = YES;
				GCC_C_LANGUAGE_STANDARD = gnu99;
				GCC_DYNAMIC_NO_PIC = NO;
				GCC_OPTIMIZATION_LEVEL = 0;
				GCC_PREPROCESSOR_DEFINITIONS = (
					"DEBUG=1",
					"$(inherited)",
				);
				GCC_SYMBOLS_PRIVATE_EXTERN = NO;
				GCC_WARN_64_TO_32_BIT_CONVERSION = YES;
				GCC_WARN_ABOUT_RETURN_TYPE = YES_ERROR;
				GCC_WARN_UNDECLARED_SELECTOR = YES;
				GCC_WARN_UNINITIALIZED_AUTOS = YES_AGGRESSIVE;
				GCC_WARN_UNUSED_FUNCTION = YES;
				GCC_WARN_UNUSED_VARIABLE = YES;
				MACOSX_DEPLOYMENT_TARGET = 10.10;
				MTL_ENABLE_DEBUG_INFO = YES;
				ONLY_ACTIVE_ARCH = YES;
				SDKROOT = macosx;
				SWIFT_OPTIMIZATION_LEVEL = "-Onone";
			};
			name = Debug;
		};
		8BF70346198DDB7900A220F6 /* Release */ = {
			isa = XCBuildConfiguration;
			buildSettings = {
				ALWAYS_SEARCH_USER_PATHS = NO;
				CLANG_CXX_LANGUAGE_STANDARD = "gnu++0x";
				CLANG_CXX_LIBRARY = "libc++";
				CLANG_ENABLE_MODULES = YES;
				CLANG_ENABLE_OBJC_ARC = YES;
				CLANG_WARN_BOOL_CONVERSION = YES;
				CLANG_WARN_CONSTANT_CONVERSION = YES;
				CLANG_WARN_DIRECT_OBJC_ISA_USAGE = YES_ERROR;
				CLANG_WARN_EMPTY_BODY = YES;
				CLANG_WARN_ENUM_CONVERSION = YES;
				CLANG_WARN_INT_CONVERSION = YES;
				CLANG_WARN_OBJC_ROOT_CLASS = YES_ERROR;
				CLANG_WARN_UNREACHABLE_CODE = YES;
				CLANG_WARN__DUPLICATE_METHOD_MATCH = YES;
				COPY_PHASE_STRIP = YES;
				DEBUG_INFORMATION_FORMAT = "dwarf-with-dsym";
				ENABLE_NS_ASSERTIONS = NO;
				ENABLE_STRICT_OBJC_MSGSEND = YES;
				GCC_C_LANGUAGE_STANDARD = gnu99;
				GCC_WARN_64_TO_32_BIT_CONVERSION = YES;
				GCC_WARN_ABOUT_RETURN_TYPE = YES_ERROR;
				GCC_WARN_UNDECLARED_SELECTOR = YES;
				GCC_WARN_UNINITIALIZED_AUTOS = YES_AGGRESSIVE;
				GCC_WARN_UNUSED_FUNCTION = YES;
				GCC_WARN_UNUSED_VARIABLE = YES;
				MACOSX_DEPLOYMENT_TARGET = 10.10;
				MTL_ENABLE_DEBUG_INFO = NO;
				SDKROOT = macosx;
			};
			name = Release;
		};
		8BF70348198DDB7900A220F6 /* Debug */ = {
			isa = XCBuildConfiguration;
			buildSettings = {
				PRODUCT_NAME = "$(TARGET_NAME)";
				SWIFT_OBJC_BRIDGING_HEADER = "CocoaMQTT/CocoaMQTT-Bridging-Header.h";
			};
			name = Debug;
		};
		8BF70349198DDB7900A220F6 /* Release */ = {
			isa = XCBuildConfiguration;
			buildSettings = {
				PRODUCT_NAME = "$(TARGET_NAME)";
				SWIFT_OBJC_BRIDGING_HEADER = "CocoaMQTT/CocoaMQTT-Bridging-Header.h";
			};
			name = Release;
		};
/* End XCBuildConfiguration section */

/* Begin XCConfigurationList section */
		8BF7033B198DDB7900A220F6 /* Build configuration list for PBXProject "CocoaMQTT" */ = {
			isa = XCConfigurationList;
			buildConfigurations = (
				8BF70345198DDB7900A220F6 /* Debug */,
				8BF70346198DDB7900A220F6 /* Release */,
			);
			defaultConfigurationIsVisible = 0;
			defaultConfigurationName = Release;
		};
		8BF70347198DDB7900A220F6 /* Build configuration list for PBXNativeTarget "CocoaMQTT" */ = {
			isa = XCConfigurationList;
			buildConfigurations = (
				8BF70348198DDB7900A220F6 /* Debug */,
				8BF70349198DDB7900A220F6 /* Release */,
			);
			defaultConfigurationIsVisible = 0;
			defaultConfigurationName = Release;
		};
/* End XCConfigurationList section */
	};
	rootObject = 8BF70338198DDB7900A220F6 /* Project object */;
}
