// !$*UTF8*$!
{
	archiveVersion = 1;
	classes = {
	};
	objectVersion = 46;
	objects = {

/* Begin PBXBuildFile section */
		1111248C24BB515E00E2DFBC /* CocoaMQTT.h in Headers */ = {isa = PBXBuildFile; fileRef = 040997711C1B1070006B5A6D /* CocoaMQTT.h */; settings = {ATTRIBUTES = (Public, ); }; };
		1111248E24BB515E00E2DFBC /* CocoaMQTT.swift in Sources */ = {isa = PBXBuildFile; fileRef = 0409977A1C1B1529006B5A6D /* CocoaMQTT.swift */; };
		1111248F24BB515E00E2DFBC /* FrameConnAck.swift in Sources */ = {isa = PBXBuildFile; fileRef = 8D43DE4D22FAEC6700D9A06B /* FrameConnAck.swift */; };
		1111249024BB515E00E2DFBC /* FramePublish.swift in Sources */ = {isa = PBXBuildFile; fileRef = 8D43DE4F22FAED3400D9A06B /* FramePublish.swift */; };
		1111249124BB515E00E2DFBC /* CocoaMQTTWebSocket.swift in Sources */ = {isa = PBXBuildFile; fileRef = 6EC871E423A421DE00F69AE8 /* CocoaMQTTWebSocket.swift */; };
		1111249224BB515E00E2DFBC /* CocoaMQTTReader.swift in Sources */ = {isa = PBXBuildFile; fileRef = 82CF1FAF22943B2100DF539A /* CocoaMQTTReader.swift */; };
		1111249324BB515E00E2DFBC /* CocoaMQTTSocket.swift in Sources */ = {isa = PBXBuildFile; fileRef = 6EC871E223A421A200F69AE8 /* CocoaMQTTSocket.swift */; };
		1111249424BB515E00E2DFBC /* Frame.swift in Sources */ = {isa = PBXBuildFile; fileRef = 0409977B1C1B1529006B5A6D /* Frame.swift */; };
		1111249524BB515E00E2DFBC /* FrameUnsubscribe.swift in Sources */ = {isa = PBXBuildFile; fileRef = 8D43DE5D22FAF9E500D9A06B /* FrameUnsubscribe.swift */; };
		1111249624BB515E00E2DFBC /* CocoaMQTTStorage.swift in Sources */ = {isa = PBXBuildFile; fileRef = 8D14C7642349BAF5002D959E /* CocoaMQTTStorage.swift */; };
		1111249724BB515E00E2DFBC /* FrameUnsubAck.swift in Sources */ = {isa = PBXBuildFile; fileRef = 8D43DE5F22FAFC2700D9A06B /* FrameUnsubAck.swift */; };
		1111249824BB515E00E2DFBC /* CocoaMQTTMessage.swift in Sources */ = {isa = PBXBuildFile; fileRef = 0409977C1C1B1529006B5A6D /* CocoaMQTTMessage.swift */; };
		1111249924BB515E00E2DFBC /* CocoaMQTTDeliver.swift in Sources */ = {isa = PBXBuildFile; fileRef = 8225B4D0227B2F2900E4DB51 /* CocoaMQTTDeliver.swift */; };
		1111249A24BB515E00E2DFBC /* CocoaMQTTTimer.swift in Sources */ = {isa = PBXBuildFile; fileRef = 8225B4C8227B182200E4DB51 /* CocoaMQTTTimer.swift */; };
		1111249B24BB515E00E2DFBC /* CocoaMQTTLogger.swift in Sources */ = {isa = PBXBuildFile; fileRef = 8225B4CC227B196F00E4DB51 /* CocoaMQTTLogger.swift */; };
		1111249C24BB515E00E2DFBC /* FramePubRec.swift in Sources */ = {isa = PBXBuildFile; fileRef = 8D43DE5322FAEDCC00D9A06B /* FramePubRec.swift */; };
		1111249D24BB515E00E2DFBC /* FrameSubAck.swift in Sources */ = {isa = PBXBuildFile; fileRef = 8D43DE5B22FAF6A400D9A06B /* FrameSubAck.swift */; };
		1111249E24BB515E00E2DFBC /* FrameDisconnect.swift in Sources */ = {isa = PBXBuildFile; fileRef = 8D43DE6522FAFF2500D9A06B /* FrameDisconnect.swift */; };
		1111249F24BB515E00E2DFBC /* FramePubAck.swift in Sources */ = {isa = PBXBuildFile; fileRef = 8D43DE5122FAED7C00D9A06B /* FramePubAck.swift */; };
		111124A024BB515E00E2DFBC /* FramePingReq.swift in Sources */ = {isa = PBXBuildFile; fileRef = 8D43DE6122FAFDA700D9A06B /* FramePingReq.swift */; };
		111124A124BB515E00E2DFBC /* FramePubRel.swift in Sources */ = {isa = PBXBuildFile; fileRef = 8D43DE5722FAEDE800D9A06B /* FramePubRel.swift */; };
		111124A224BB515E00E2DFBC /* FrameSubscribe.swift in Sources */ = {isa = PBXBuildFile; fileRef = 8D43DE5922FAF37500D9A06B /* FrameSubscribe.swift */; };
		111124A324BB515E00E2DFBC /* FramePingResp.swift in Sources */ = {isa = PBXBuildFile; fileRef = 8D43DE6322FAFE5F00D9A06B /* FramePingResp.swift */; };
		111124A424BB515E00E2DFBC /* FramePubComp.swift in Sources */ = {isa = PBXBuildFile; fileRef = 8D43DE5522FAEDDA00D9A06B /* FramePubComp.swift */; };
		111124A524BB515E00E2DFBC /* CocoaMQTTTypes.swift in Sources */ = {isa = PBXBuildFile; fileRef = 82519C0622ACC6E100FA0815 /* CocoaMQTTTypes.swift */; };
		111124A624BB515E00E2DFBC /* FrameConnect.swift in Sources */ = {isa = PBXBuildFile; fileRef = 8D43DE4B22FAEB8B00D9A06B /* FrameConnect.swift */; };
		111124B624BB516300E2DFBC /* CocoaMQTT.h in Headers */ = {isa = PBXBuildFile; fileRef = 040997711C1B1070006B5A6D /* CocoaMQTT.h */; settings = {ATTRIBUTES = (Public, ); }; };
		111124B824BB516300E2DFBC /* CocoaMQTT.swift in Sources */ = {isa = PBXBuildFile; fileRef = 0409977A1C1B1529006B5A6D /* CocoaMQTT.swift */; };
		111124B924BB516300E2DFBC /* FrameConnAck.swift in Sources */ = {isa = PBXBuildFile; fileRef = 8D43DE4D22FAEC6700D9A06B /* FrameConnAck.swift */; };
		111124BA24BB516300E2DFBC /* FramePublish.swift in Sources */ = {isa = PBXBuildFile; fileRef = 8D43DE4F22FAED3400D9A06B /* FramePublish.swift */; };
		111124BB24BB516300E2DFBC /* CocoaMQTTWebSocket.swift in Sources */ = {isa = PBXBuildFile; fileRef = 6EC871E423A421DE00F69AE8 /* CocoaMQTTWebSocket.swift */; };
		111124BC24BB516300E2DFBC /* CocoaMQTTReader.swift in Sources */ = {isa = PBXBuildFile; fileRef = 82CF1FAF22943B2100DF539A /* CocoaMQTTReader.swift */; };
		111124BD24BB516300E2DFBC /* CocoaMQTTSocket.swift in Sources */ = {isa = PBXBuildFile; fileRef = 6EC871E223A421A200F69AE8 /* CocoaMQTTSocket.swift */; };
		111124BE24BB516300E2DFBC /* Frame.swift in Sources */ = {isa = PBXBuildFile; fileRef = 0409977B1C1B1529006B5A6D /* Frame.swift */; };
		111124BF24BB516300E2DFBC /* FrameUnsubscribe.swift in Sources */ = {isa = PBXBuildFile; fileRef = 8D43DE5D22FAF9E500D9A06B /* FrameUnsubscribe.swift */; };
		111124C024BB516300E2DFBC /* CocoaMQTTStorage.swift in Sources */ = {isa = PBXBuildFile; fileRef = 8D14C7642349BAF5002D959E /* CocoaMQTTStorage.swift */; };
		111124C124BB516300E2DFBC /* FrameUnsubAck.swift in Sources */ = {isa = PBXBuildFile; fileRef = 8D43DE5F22FAFC2700D9A06B /* FrameUnsubAck.swift */; };
		111124C224BB516300E2DFBC /* CocoaMQTTMessage.swift in Sources */ = {isa = PBXBuildFile; fileRef = 0409977C1C1B1529006B5A6D /* CocoaMQTTMessage.swift */; };
		111124C324BB516300E2DFBC /* CocoaMQTTDeliver.swift in Sources */ = {isa = PBXBuildFile; fileRef = 8225B4D0227B2F2900E4DB51 /* CocoaMQTTDeliver.swift */; };
		111124C424BB516300E2DFBC /* CocoaMQTTTimer.swift in Sources */ = {isa = PBXBuildFile; fileRef = 8225B4C8227B182200E4DB51 /* CocoaMQTTTimer.swift */; };
		111124C524BB516300E2DFBC /* CocoaMQTTLogger.swift in Sources */ = {isa = PBXBuildFile; fileRef = 8225B4CC227B196F00E4DB51 /* CocoaMQTTLogger.swift */; };
		111124C624BB516300E2DFBC /* FramePubRec.swift in Sources */ = {isa = PBXBuildFile; fileRef = 8D43DE5322FAEDCC00D9A06B /* FramePubRec.swift */; };
		111124C724BB516300E2DFBC /* FrameSubAck.swift in Sources */ = {isa = PBXBuildFile; fileRef = 8D43DE5B22FAF6A400D9A06B /* FrameSubAck.swift */; };
		111124C824BB516300E2DFBC /* FrameDisconnect.swift in Sources */ = {isa = PBXBuildFile; fileRef = 8D43DE6522FAFF2500D9A06B /* FrameDisconnect.swift */; };
		111124C924BB516300E2DFBC /* FramePubAck.swift in Sources */ = {isa = PBXBuildFile; fileRef = 8D43DE5122FAED7C00D9A06B /* FramePubAck.swift */; };
		111124CA24BB516300E2DFBC /* FramePingReq.swift in Sources */ = {isa = PBXBuildFile; fileRef = 8D43DE6122FAFDA700D9A06B /* FramePingReq.swift */; };
		111124CB24BB516300E2DFBC /* FramePubRel.swift in Sources */ = {isa = PBXBuildFile; fileRef = 8D43DE5722FAEDE800D9A06B /* FramePubRel.swift */; };
		111124CC24BB516300E2DFBC /* FrameSubscribe.swift in Sources */ = {isa = PBXBuildFile; fileRef = 8D43DE5922FAF37500D9A06B /* FrameSubscribe.swift */; };
		111124CD24BB516300E2DFBC /* FramePingResp.swift in Sources */ = {isa = PBXBuildFile; fileRef = 8D43DE6322FAFE5F00D9A06B /* FramePingResp.swift */; };
		111124CE24BB516300E2DFBC /* FramePubComp.swift in Sources */ = {isa = PBXBuildFile; fileRef = 8D43DE5522FAEDDA00D9A06B /* FramePubComp.swift */; };
		111124CF24BB516300E2DFBC /* CocoaMQTTTypes.swift in Sources */ = {isa = PBXBuildFile; fileRef = 82519C0622ACC6E100FA0815 /* CocoaMQTTTypes.swift */; };
		111124D024BB516300E2DFBC /* FrameConnect.swift in Sources */ = {isa = PBXBuildFile; fileRef = 8D43DE4B22FAEB8B00D9A06B /* FrameConnect.swift */; };
		6EC871E323A421A200F69AE8 /* CocoaMQTTSocket.swift in Sources */ = {isa = PBXBuildFile; fileRef = 6EC871E223A421A200F69AE8 /* CocoaMQTTSocket.swift */; };
		6EC871E523A421DE00F69AE8 /* CocoaMQTTWebSocket.swift in Sources */ = {isa = PBXBuildFile; fileRef = 6EC871E423A421DE00F69AE8 /* CocoaMQTTWebSocket.swift */; };
		8225B53A227C2FC600E4DB51 /* CocoaMQTT.swift in Sources */ = {isa = PBXBuildFile; fileRef = 0409977A1C1B1529006B5A6D /* CocoaMQTT.swift */; };
		8225B53B227C2FC600E4DB51 /* Frame.swift in Sources */ = {isa = PBXBuildFile; fileRef = 0409977B1C1B1529006B5A6D /* Frame.swift */; };
		8225B53C227C2FC600E4DB51 /* CocoaMQTTMessage.swift in Sources */ = {isa = PBXBuildFile; fileRef = 0409977C1C1B1529006B5A6D /* CocoaMQTTMessage.swift */; };
		8225B53D227C2FC600E4DB51 /* CocoaMQTTDeliver.swift in Sources */ = {isa = PBXBuildFile; fileRef = 8225B4D0227B2F2900E4DB51 /* CocoaMQTTDeliver.swift */; };
		8225B53E227C2FC600E4DB51 /* CocoaMQTTTimer.swift in Sources */ = {isa = PBXBuildFile; fileRef = 8225B4C8227B182200E4DB51 /* CocoaMQTTTimer.swift */; };
		8225B53F227C2FC600E4DB51 /* CocoaMQTTLogger.swift in Sources */ = {isa = PBXBuildFile; fileRef = 8225B4CC227B196F00E4DB51 /* CocoaMQTTLogger.swift */; };
		8225B547227C312400E4DB51 /* CocoaMQTT.h in Headers */ = {isa = PBXBuildFile; fileRef = 040997711C1B1070006B5A6D /* CocoaMQTT.h */; settings = {ATTRIBUTES = (Public, ); }; };
		8225B556227C334700E4DB51 /* CocoaMQTTTests.swift in Sources */ = {isa = PBXBuildFile; fileRef = 0409971E1C1B0B96006B5A6D /* CocoaMQTTTests.swift */; };
		8225B557227C334700E4DB51 /* FrameTests.swift in Sources */ = {isa = PBXBuildFile; fileRef = 8270C4AA21DA6F6700C5D485 /* FrameTests.swift */; };
		82519C0722ACC6E100FA0815 /* CocoaMQTTTypes.swift in Sources */ = {isa = PBXBuildFile; fileRef = 82519C0622ACC6E100FA0815 /* CocoaMQTTTypes.swift */; };
		82CF1FB022943B2100DF539A /* CocoaMQTTReader.swift in Sources */ = {isa = PBXBuildFile; fileRef = 82CF1FAF22943B2100DF539A /* CocoaMQTTReader.swift */; };
		8D14C7632345CAB5002D959E /* CocoaMQTTDeliverTests.swift in Sources */ = {isa = PBXBuildFile; fileRef = 8D14C7622345CAB5002D959E /* CocoaMQTTDeliverTests.swift */; };
		8D14C7652349BAF5002D959E /* CocoaMQTTStorage.swift in Sources */ = {isa = PBXBuildFile; fileRef = 8D14C7642349BAF5002D959E /* CocoaMQTTStorage.swift */; };
		8D14C7672349C2A3002D959E /* CocoaMQTTStorageTests.swift in Sources */ = {isa = PBXBuildFile; fileRef = 8D14C7662349C2A3002D959E /* CocoaMQTTStorageTests.swift */; };
		8D43DE4C22FAEB8B00D9A06B /* FrameConnect.swift in Sources */ = {isa = PBXBuildFile; fileRef = 8D43DE4B22FAEB8B00D9A06B /* FrameConnect.swift */; };
		8D43DE4E22FAEC6700D9A06B /* FrameConnAck.swift in Sources */ = {isa = PBXBuildFile; fileRef = 8D43DE4D22FAEC6700D9A06B /* FrameConnAck.swift */; };
		8D43DE5022FAED3400D9A06B /* FramePublish.swift in Sources */ = {isa = PBXBuildFile; fileRef = 8D43DE4F22FAED3400D9A06B /* FramePublish.swift */; };
		8D43DE5222FAED7C00D9A06B /* FramePubAck.swift in Sources */ = {isa = PBXBuildFile; fileRef = 8D43DE5122FAED7C00D9A06B /* FramePubAck.swift */; };
		8D43DE5422FAEDCC00D9A06B /* FramePubRec.swift in Sources */ = {isa = PBXBuildFile; fileRef = 8D43DE5322FAEDCC00D9A06B /* FramePubRec.swift */; };
		8D43DE5622FAEDDA00D9A06B /* FramePubComp.swift in Sources */ = {isa = PBXBuildFile; fileRef = 8D43DE5522FAEDDA00D9A06B /* FramePubComp.swift */; };
		8D43DE5822FAEDE800D9A06B /* FramePubRel.swift in Sources */ = {isa = PBXBuildFile; fileRef = 8D43DE5722FAEDE800D9A06B /* FramePubRel.swift */; };
		8D43DE5A22FAF37500D9A06B /* FrameSubscribe.swift in Sources */ = {isa = PBXBuildFile; fileRef = 8D43DE5922FAF37500D9A06B /* FrameSubscribe.swift */; };
		8D43DE5C22FAF6A400D9A06B /* FrameSubAck.swift in Sources */ = {isa = PBXBuildFile; fileRef = 8D43DE5B22FAF6A400D9A06B /* FrameSubAck.swift */; };
		8D43DE5E22FAF9E500D9A06B /* FrameUnsubscribe.swift in Sources */ = {isa = PBXBuildFile; fileRef = 8D43DE5D22FAF9E500D9A06B /* FrameUnsubscribe.swift */; };
		8D43DE6022FAFC2700D9A06B /* FrameUnsubAck.swift in Sources */ = {isa = PBXBuildFile; fileRef = 8D43DE5F22FAFC2700D9A06B /* FrameUnsubAck.swift */; };
		8D43DE6222FAFDA700D9A06B /* FramePingReq.swift in Sources */ = {isa = PBXBuildFile; fileRef = 8D43DE6122FAFDA700D9A06B /* FramePingReq.swift */; };
		8D43DE6422FAFE5F00D9A06B /* FramePingResp.swift in Sources */ = {isa = PBXBuildFile; fileRef = 8D43DE6322FAFE5F00D9A06B /* FramePingResp.swift */; };
		8D43DE6622FAFF2500D9A06B /* FrameDisconnect.swift in Sources */ = {isa = PBXBuildFile; fileRef = 8D43DE6522FAFF2500D9A06B /* FrameDisconnect.swift */; };
		8D7A262E23AF2FEA00CE7442 /* client-keycert.p12 in Resources */ = {isa = PBXBuildFile; fileRef = 8D7A262D23AF2FEA00CE7442 /* client-keycert.p12 */; };
		9228E888276109BB00063DF2 /* FrameAuth.swift in Sources */ = {isa = PBXBuildFile; fileRef = 9228E887276109BB00063DF2 /* FrameAuth.swift */; };
		9228E889276109BB00063DF2 /* FrameAuth.swift in Sources */ = {isa = PBXBuildFile; fileRef = 9228E887276109BB00063DF2 /* FrameAuth.swift */; };
		9228E88A276109BB00063DF2 /* FrameAuth.swift in Sources */ = {isa = PBXBuildFile; fileRef = 9228E887276109BB00063DF2 /* FrameAuth.swift */; };
		9228E89427610A1000063DF2 /* MqttDecodePublish.swift in Sources */ = {isa = PBXBuildFile; fileRef = 9228E88C27610A1000063DF2 /* MqttDecodePublish.swift */; };
		9228E89527610A1000063DF2 /* MqttDecodePublish.swift in Sources */ = {isa = PBXBuildFile; fileRef = 9228E88C27610A1000063DF2 /* MqttDecodePublish.swift */; };
		9228E89627610A1000063DF2 /* MqttDecodePublish.swift in Sources */ = {isa = PBXBuildFile; fileRef = 9228E88C27610A1000063DF2 /* MqttDecodePublish.swift */; };
		9228E89727610A1000063DF2 /* MqttDecodePubAck.swift in Sources */ = {isa = PBXBuildFile; fileRef = 9228E88D27610A1000063DF2 /* MqttDecodePubAck.swift */; };
		9228E89827610A1000063DF2 /* MqttDecodePubAck.swift in Sources */ = {isa = PBXBuildFile; fileRef = 9228E88D27610A1000063DF2 /* MqttDecodePubAck.swift */; };
		9228E89927610A1000063DF2 /* MqttDecodePubAck.swift in Sources */ = {isa = PBXBuildFile; fileRef = 9228E88D27610A1000063DF2 /* MqttDecodePubAck.swift */; };
		9228E89A27610A1000063DF2 /* MqttDecodeConnAck.swift in Sources */ = {isa = PBXBuildFile; fileRef = 9228E88E27610A1000063DF2 /* MqttDecodeConnAck.swift */; };
		9228E89B27610A1000063DF2 /* MqttDecodeConnAck.swift in Sources */ = {isa = PBXBuildFile; fileRef = 9228E88E27610A1000063DF2 /* MqttDecodeConnAck.swift */; };
		9228E89C27610A1000063DF2 /* MqttDecodeConnAck.swift in Sources */ = {isa = PBXBuildFile; fileRef = 9228E88E27610A1000063DF2 /* MqttDecodeConnAck.swift */; };
		9228E89D27610A1000063DF2 /* MqttDecodePubComp.swift in Sources */ = {isa = PBXBuildFile; fileRef = 9228E88F27610A1000063DF2 /* MqttDecodePubComp.swift */; };
		9228E89E27610A1000063DF2 /* MqttDecodePubComp.swift in Sources */ = {isa = PBXBuildFile; fileRef = 9228E88F27610A1000063DF2 /* MqttDecodePubComp.swift */; };
		9228E89F27610A1000063DF2 /* MqttDecodePubComp.swift in Sources */ = {isa = PBXBuildFile; fileRef = 9228E88F27610A1000063DF2 /* MqttDecodePubComp.swift */; };
		9228E8A027610A1000063DF2 /* MqttDecodeSubAck.swift in Sources */ = {isa = PBXBuildFile; fileRef = 9228E89027610A1000063DF2 /* MqttDecodeSubAck.swift */; };
		9228E8A127610A1000063DF2 /* MqttDecodeSubAck.swift in Sources */ = {isa = PBXBuildFile; fileRef = 9228E89027610A1000063DF2 /* MqttDecodeSubAck.swift */; };
		9228E8A227610A1000063DF2 /* MqttDecodeSubAck.swift in Sources */ = {isa = PBXBuildFile; fileRef = 9228E89027610A1000063DF2 /* MqttDecodeSubAck.swift */; };
		9228E8A327610A1000063DF2 /* MqttDecodePubRel.swift in Sources */ = {isa = PBXBuildFile; fileRef = 9228E89127610A1000063DF2 /* MqttDecodePubRel.swift */; };
		9228E8A427610A1000063DF2 /* MqttDecodePubRel.swift in Sources */ = {isa = PBXBuildFile; fileRef = 9228E89127610A1000063DF2 /* MqttDecodePubRel.swift */; };
		9228E8A527610A1000063DF2 /* MqttDecodePubRel.swift in Sources */ = {isa = PBXBuildFile; fileRef = 9228E89127610A1000063DF2 /* MqttDecodePubRel.swift */; };
		9228E8A627610A1000063DF2 /* MqttDecodeUnsubAck.swift in Sources */ = {isa = PBXBuildFile; fileRef = 9228E89227610A1000063DF2 /* MqttDecodeUnsubAck.swift */; };
		9228E8A727610A1000063DF2 /* MqttDecodeUnsubAck.swift in Sources */ = {isa = PBXBuildFile; fileRef = 9228E89227610A1000063DF2 /* MqttDecodeUnsubAck.swift */; };
		9228E8A827610A1000063DF2 /* MqttDecodeUnsubAck.swift in Sources */ = {isa = PBXBuildFile; fileRef = 9228E89227610A1000063DF2 /* MqttDecodeUnsubAck.swift */; };
		9228E8A927610A1000063DF2 /* MqttDecodePubRec.swift in Sources */ = {isa = PBXBuildFile; fileRef = 9228E89327610A1000063DF2 /* MqttDecodePubRec.swift */; };
		9228E8AA27610A1000063DF2 /* MqttDecodePubRec.swift in Sources */ = {isa = PBXBuildFile; fileRef = 9228E89327610A1000063DF2 /* MqttDecodePubRec.swift */; };
		9228E8AB27610A1000063DF2 /* MqttDecodePubRec.swift in Sources */ = {isa = PBXBuildFile; fileRef = 9228E89327610A1000063DF2 /* MqttDecodePubRec.swift */; };
		9228E8B227610A4300063DF2 /* CocoaMQTT5.swift in Sources */ = {isa = PBXBuildFile; fileRef = 9228E8B027610A4300063DF2 /* CocoaMQTT5.swift */; };
		9228E8B327610A4300063DF2 /* CocoaMQTT5.swift in Sources */ = {isa = PBXBuildFile; fileRef = 9228E8B027610A4300063DF2 /* CocoaMQTT5.swift */; };
		9228E8B427610A4300063DF2 /* CocoaMQTT5.swift in Sources */ = {isa = PBXBuildFile; fileRef = 9228E8B027610A4300063DF2 /* CocoaMQTT5.swift */; };
		9228E8B527610A4300063DF2 /* CocoaMQTT5Message.swift in Sources */ = {isa = PBXBuildFile; fileRef = 9228E8B127610A4300063DF2 /* CocoaMQTT5Message.swift */; };
		9228E8B627610A4300063DF2 /* CocoaMQTT5Message.swift in Sources */ = {isa = PBXBuildFile; fileRef = 9228E8B127610A4300063DF2 /* CocoaMQTT5Message.swift */; };
		9228E8B727610A4300063DF2 /* CocoaMQTT5Message.swift in Sources */ = {isa = PBXBuildFile; fileRef = 9228E8B127610A4300063DF2 /* CocoaMQTT5Message.swift */; };
		9228E8BE27610A7B00063DF2 /* MqttSubscription.swift in Sources */ = {isa = PBXBuildFile; fileRef = 9228E8BC27610A7B00063DF2 /* MqttSubscription.swift */; };
		9228E8BF27610A7B00063DF2 /* MqttSubscription.swift in Sources */ = {isa = PBXBuildFile; fileRef = 9228E8BC27610A7B00063DF2 /* MqttSubscription.swift */; };
		9228E8C027610A7B00063DF2 /* MqttSubscription.swift in Sources */ = {isa = PBXBuildFile; fileRef = 9228E8BC27610A7B00063DF2 /* MqttSubscription.swift */; };
		9228E8C127610A7B00063DF2 /* MqttPublishProperties.swift in Sources */ = {isa = PBXBuildFile; fileRef = 9228E8BD27610A7B00063DF2 /* MqttPublishProperties.swift */; };
		9228E8C227610A7B00063DF2 /* MqttPublishProperties.swift in Sources */ = {isa = PBXBuildFile; fileRef = 9228E8BD27610A7B00063DF2 /* MqttPublishProperties.swift */; };
		9228E8C327610A7B00063DF2 /* MqttPublishProperties.swift in Sources */ = {isa = PBXBuildFile; fileRef = 9228E8BD27610A7B00063DF2 /* MqttPublishProperties.swift */; };
		9228E8C527610A8500063DF2 /* CocoaMQTTProperty.swift in Sources */ = {isa = PBXBuildFile; fileRef = 9228E8C427610A8500063DF2 /* CocoaMQTTProperty.swift */; };
		9228E8C627610A8500063DF2 /* CocoaMQTTProperty.swift in Sources */ = {isa = PBXBuildFile; fileRef = 9228E8C427610A8500063DF2 /* CocoaMQTTProperty.swift */; };
		9228E8C727610A8500063DF2 /* CocoaMQTTProperty.swift in Sources */ = {isa = PBXBuildFile; fileRef = 9228E8C427610A8500063DF2 /* CocoaMQTTProperty.swift */; };
		9228E8C927610A9100063DF2 /* CocoaMQTTReasonCode.swift in Sources */ = {isa = PBXBuildFile; fileRef = 9228E8C827610A9100063DF2 /* CocoaMQTTReasonCode.swift */; };
		9228E8CA27610A9100063DF2 /* CocoaMQTTReasonCode.swift in Sources */ = {isa = PBXBuildFile; fileRef = 9228E8C827610A9100063DF2 /* CocoaMQTTReasonCode.swift */; };
		9228E8CB27610A9100063DF2 /* CocoaMQTTReasonCode.swift in Sources */ = {isa = PBXBuildFile; fileRef = 9228E8C827610A9100063DF2 /* CocoaMQTTReasonCode.swift */; };
		9228E8CE27610AA400063DF2 /* MqttAuthProperties.swift in Sources */ = {isa = PBXBuildFile; fileRef = 9228E8CC27610AA400063DF2 /* MqttAuthProperties.swift */; };
		9228E8CF27610AA400063DF2 /* MqttAuthProperties.swift in Sources */ = {isa = PBXBuildFile; fileRef = 9228E8CC27610AA400063DF2 /* MqttAuthProperties.swift */; };
		9228E8D027610AA400063DF2 /* MqttAuthProperties.swift in Sources */ = {isa = PBXBuildFile; fileRef = 9228E8CC27610AA400063DF2 /* MqttAuthProperties.swift */; };
		9228E8D127610AA400063DF2 /* MqttConnectProperties.swift in Sources */ = {isa = PBXBuildFile; fileRef = 9228E8CD27610AA400063DF2 /* MqttConnectProperties.swift */; };
		9228E8D227610AA400063DF2 /* MqttConnectProperties.swift in Sources */ = {isa = PBXBuildFile; fileRef = 9228E8CD27610AA400063DF2 /* MqttConnectProperties.swift */; };
		9228E8D327610AA400063DF2 /* MqttConnectProperties.swift in Sources */ = {isa = PBXBuildFile; fileRef = 9228E8CD27610AA400063DF2 /* MqttConnectProperties.swift */; };
/* End PBXBuildFile section */

/* Begin PBXContainerItemProxy section */
		8225B554227C333B00E4DB51 /* PBXContainerItemProxy */ = {
			isa = PBXContainerItemProxy;
			containerPortal = 040997061C1B0B96006B5A6D /* Project object */;
			proxyType = 1;
			remoteGlobalIDString = 8225B531227C2E8700E4DB51;
			remoteInfo = CocoaMQTT;
		};
/* End PBXContainerItemProxy section */

/* Begin PBXCopyFilesBuildPhase section */
		1111242324BB4B7C00E2DFBC /* Embed Frameworks */ = {
			isa = PBXCopyFilesBuildPhase;
			buildActionMask = 2147483647;
			dstPath = "";
			dstSubfolderSpec = 10;
			files = (
			);
			name = "Embed Frameworks";
			runOnlyForDeploymentPostprocessing = 0;
		};
		111124AC24BB515E00E2DFBC /* Embed Frameworks */ = {
			isa = PBXCopyFilesBuildPhase;
			buildActionMask = 2147483647;
			dstPath = "";
			dstSubfolderSpec = 10;
			files = (
			);
			name = "Embed Frameworks";
			runOnlyForDeploymentPostprocessing = 0;
		};
		111124D624BB516300E2DFBC /* Embed Frameworks */ = {
			isa = PBXCopyFilesBuildPhase;
			buildActionMask = 2147483647;
			dstPath = "";
			dstSubfolderSpec = 10;
			files = (
			);
			name = "Embed Frameworks";
			runOnlyForDeploymentPostprocessing = 0;
		};
		6E6C1F1923C5222E0002B8D9 /* CopyFiles */ = {
			isa = PBXCopyFilesBuildPhase;
			buildActionMask = 2147483647;
			dstPath = "";
			dstSubfolderSpec = 16;
			files = (
			);
			runOnlyForDeploymentPostprocessing = 0;
		};
/* End PBXCopyFilesBuildPhase section */

/* Begin PBXFileReference section */
		0409971E1C1B0B96006B5A6D /* CocoaMQTTTests.swift */ = {isa = PBXFileReference; lastKnownFileType = sourcecode.swift; path = CocoaMQTTTests.swift; sourceTree = "<group>"; };
		040997201C1B0B96006B5A6D /* Info.plist */ = {isa = PBXFileReference; lastKnownFileType = text.plist.xml; path = Info.plist; sourceTree = "<group>"; };
		040997711C1B1070006B5A6D /* CocoaMQTT.h */ = {isa = PBXFileReference; lastKnownFileType = sourcecode.c.h; path = CocoaMQTT.h; sourceTree = "<group>"; };
		040997721C1B1070006B5A6D /* Info.plist */ = {isa = PBXFileReference; lastKnownFileType = text.plist.xml; path = Info.plist; sourceTree = "<group>"; };
		0409977A1C1B1529006B5A6D /* CocoaMQTT.swift */ = {isa = PBXFileReference; fileEncoding = 4; lastKnownFileType = sourcecode.swift; path = CocoaMQTT.swift; sourceTree = "<group>"; };
		0409977B1C1B1529006B5A6D /* Frame.swift */ = {isa = PBXFileReference; fileEncoding = 4; lastKnownFileType = sourcecode.swift; path = Frame.swift; sourceTree = "<group>"; };
		0409977C1C1B1529006B5A6D /* CocoaMQTTMessage.swift */ = {isa = PBXFileReference; fileEncoding = 4; lastKnownFileType = sourcecode.swift; path = CocoaMQTTMessage.swift; sourceTree = "<group>"; };
		111124B224BB515E00E2DFBC /* CocoaMQTT.framework */ = {isa = PBXFileReference; explicitFileType = wrapper.framework; includeInIndex = 0; path = CocoaMQTT.framework; sourceTree = BUILT_PRODUCTS_DIR; };
		111124DC24BB516400E2DFBC /* CocoaMQTT.framework */ = {isa = PBXFileReference; explicitFileType = wrapper.framework; includeInIndex = 0; path = CocoaMQTT.framework; sourceTree = BUILT_PRODUCTS_DIR; };
		6EC871E223A421A200F69AE8 /* CocoaMQTTSocket.swift */ = {isa = PBXFileReference; lastKnownFileType = sourcecode.swift; path = CocoaMQTTSocket.swift; sourceTree = "<group>"; };
		6EC871E423A421DE00F69AE8 /* CocoaMQTTWebSocket.swift */ = {isa = PBXFileReference; lastKnownFileType = sourcecode.swift; path = CocoaMQTTWebSocket.swift; sourceTree = "<group>"; };
		8225B4C8227B182200E4DB51 /* CocoaMQTTTimer.swift */ = {isa = PBXFileReference; lastKnownFileType = sourcecode.swift; path = CocoaMQTTTimer.swift; sourceTree = "<group>"; };
		8225B4CC227B196F00E4DB51 /* CocoaMQTTLogger.swift */ = {isa = PBXFileReference; lastKnownFileType = sourcecode.swift; path = CocoaMQTTLogger.swift; sourceTree = "<group>"; };
		8225B4D0227B2F2900E4DB51 /* CocoaMQTTDeliver.swift */ = {isa = PBXFileReference; lastKnownFileType = sourcecode.swift; path = CocoaMQTTDeliver.swift; sourceTree = "<group>"; };
		8225B532227C2E8700E4DB51 /* CocoaMQTT.framework */ = {isa = PBXFileReference; explicitFileType = wrapper.framework; includeInIndex = 0; path = CocoaMQTT.framework; sourceTree = BUILT_PRODUCTS_DIR; };
		8225B54C227C32C500E4DB51 /* CocoaMQTT-Tests.xctest */ = {isa = PBXFileReference; explicitFileType = wrapper.cfbundle; includeInIndex = 0; path = "CocoaMQTT-Tests.xctest"; sourceTree = BUILT_PRODUCTS_DIR; };
		82519C0622ACC6E100FA0815 /* CocoaMQTTTypes.swift */ = {isa = PBXFileReference; lastKnownFileType = sourcecode.swift; path = CocoaMQTTTypes.swift; sourceTree = "<group>"; };
		8270C4AA21DA6F6700C5D485 /* FrameTests.swift */ = {isa = PBXFileReference; lastKnownFileType = sourcecode.swift; path = FrameTests.swift; sourceTree = "<group>"; };
		82CF1FAF22943B2100DF539A /* CocoaMQTTReader.swift */ = {isa = PBXFileReference; lastKnownFileType = sourcecode.swift; path = CocoaMQTTReader.swift; sourceTree = "<group>"; };
		8D14C7622345CAB5002D959E /* CocoaMQTTDeliverTests.swift */ = {isa = PBXFileReference; lastKnownFileType = sourcecode.swift; path = CocoaMQTTDeliverTests.swift; sourceTree = "<group>"; };
		8D14C7642349BAF5002D959E /* CocoaMQTTStorage.swift */ = {isa = PBXFileReference; lastKnownFileType = sourcecode.swift; path = CocoaMQTTStorage.swift; sourceTree = "<group>"; };
		8D14C7662349C2A3002D959E /* CocoaMQTTStorageTests.swift */ = {isa = PBXFileReference; lastKnownFileType = sourcecode.swift; path = CocoaMQTTStorageTests.swift; sourceTree = "<group>"; };
		8D43DE4B22FAEB8B00D9A06B /* FrameConnect.swift */ = {isa = PBXFileReference; lastKnownFileType = sourcecode.swift; path = FrameConnect.swift; sourceTree = "<group>"; };
		8D43DE4D22FAEC6700D9A06B /* FrameConnAck.swift */ = {isa = PBXFileReference; lastKnownFileType = sourcecode.swift; path = FrameConnAck.swift; sourceTree = "<group>"; };
		8D43DE4F22FAED3400D9A06B /* FramePublish.swift */ = {isa = PBXFileReference; lastKnownFileType = sourcecode.swift; path = FramePublish.swift; sourceTree = "<group>"; };
		8D43DE5122FAED7C00D9A06B /* FramePubAck.swift */ = {isa = PBXFileReference; lastKnownFileType = sourcecode.swift; path = FramePubAck.swift; sourceTree = "<group>"; };
		8D43DE5322FAEDCC00D9A06B /* FramePubRec.swift */ = {isa = PBXFileReference; lastKnownFileType = sourcecode.swift; path = FramePubRec.swift; sourceTree = "<group>"; };
		8D43DE5522FAEDDA00D9A06B /* FramePubComp.swift */ = {isa = PBXFileReference; lastKnownFileType = sourcecode.swift; path = FramePubComp.swift; sourceTree = "<group>"; };
		8D43DE5722FAEDE800D9A06B /* FramePubRel.swift */ = {isa = PBXFileReference; lastKnownFileType = sourcecode.swift; path = FramePubRel.swift; sourceTree = "<group>"; };
		8D43DE5922FAF37500D9A06B /* FrameSubscribe.swift */ = {isa = PBXFileReference; lastKnownFileType = sourcecode.swift; path = FrameSubscribe.swift; sourceTree = "<group>"; };
		8D43DE5B22FAF6A400D9A06B /* FrameSubAck.swift */ = {isa = PBXFileReference; lastKnownFileType = sourcecode.swift; path = FrameSubAck.swift; sourceTree = "<group>"; };
		8D43DE5D22FAF9E500D9A06B /* FrameUnsubscribe.swift */ = {isa = PBXFileReference; lastKnownFileType = sourcecode.swift; path = FrameUnsubscribe.swift; sourceTree = "<group>"; };
		8D43DE5F22FAFC2700D9A06B /* FrameUnsubAck.swift */ = {isa = PBXFileReference; lastKnownFileType = sourcecode.swift; path = FrameUnsubAck.swift; sourceTree = "<group>"; };
		8D43DE6122FAFDA700D9A06B /* FramePingReq.swift */ = {isa = PBXFileReference; lastKnownFileType = sourcecode.swift; path = FramePingReq.swift; sourceTree = "<group>"; };
		8D43DE6322FAFE5F00D9A06B /* FramePingResp.swift */ = {isa = PBXFileReference; lastKnownFileType = sourcecode.swift; path = FramePingResp.swift; sourceTree = "<group>"; };
		8D43DE6522FAFF2500D9A06B /* FrameDisconnect.swift */ = {isa = PBXFileReference; lastKnownFileType = sourcecode.swift; path = FrameDisconnect.swift; sourceTree = "<group>"; };
		8D7A262D23AF2FEA00CE7442 /* client-keycert.p12 */ = {isa = PBXFileReference; lastKnownFileType = file; path = "client-keycert.p12"; sourceTree = "<group>"; };
		9228E887276109BB00063DF2 /* FrameAuth.swift */ = {isa = PBXFileReference; fileEncoding = 4; lastKnownFileType = sourcecode.swift; path = FrameAuth.swift; sourceTree = "<group>"; };
		9228E88C27610A1000063DF2 /* MqttDecodePublish.swift */ = {isa = PBXFileReference; fileEncoding = 4; lastKnownFileType = sourcecode.swift; path = MqttDecodePublish.swift; sourceTree = "<group>"; };
		9228E88D27610A1000063DF2 /* MqttDecodePubAck.swift */ = {isa = PBXFileReference; fileEncoding = 4; lastKnownFileType = sourcecode.swift; path = MqttDecodePubAck.swift; sourceTree = "<group>"; };
		9228E88E27610A1000063DF2 /* MqttDecodeConnAck.swift */ = {isa = PBXFileReference; fileEncoding = 4; lastKnownFileType = sourcecode.swift; path = MqttDecodeConnAck.swift; sourceTree = "<group>"; };
		9228E88F27610A1000063DF2 /* MqttDecodePubComp.swift */ = {isa = PBXFileReference; fileEncoding = 4; lastKnownFileType = sourcecode.swift; path = MqttDecodePubComp.swift; sourceTree = "<group>"; };
		9228E89027610A1000063DF2 /* MqttDecodeSubAck.swift */ = {isa = PBXFileReference; fileEncoding = 4; lastKnownFileType = sourcecode.swift; path = MqttDecodeSubAck.swift; sourceTree = "<group>"; };
		9228E89127610A1000063DF2 /* MqttDecodePubRel.swift */ = {isa = PBXFileReference; fileEncoding = 4; lastKnownFileType = sourcecode.swift; path = MqttDecodePubRel.swift; sourceTree = "<group>"; };
		9228E89227610A1000063DF2 /* MqttDecodeUnsubAck.swift */ = {isa = PBXFileReference; fileEncoding = 4; lastKnownFileType = sourcecode.swift; path = MqttDecodeUnsubAck.swift; sourceTree = "<group>"; };
		9228E89327610A1000063DF2 /* MqttDecodePubRec.swift */ = {isa = PBXFileReference; fileEncoding = 4; lastKnownFileType = sourcecode.swift; path = MqttDecodePubRec.swift; sourceTree = "<group>"; };
		9228E8B027610A4300063DF2 /* CocoaMQTT5.swift */ = {isa = PBXFileReference; fileEncoding = 4; lastKnownFileType = sourcecode.swift; path = CocoaMQTT5.swift; sourceTree = "<group>"; };
		9228E8B127610A4300063DF2 /* CocoaMQTT5Message.swift */ = {isa = PBXFileReference; fileEncoding = 4; lastKnownFileType = sourcecode.swift; path = CocoaMQTT5Message.swift; sourceTree = "<group>"; };
		9228E8BC27610A7B00063DF2 /* MqttSubscription.swift */ = {isa = PBXFileReference; fileEncoding = 4; lastKnownFileType = sourcecode.swift; path = MqttSubscription.swift; sourceTree = "<group>"; };
		9228E8BD27610A7B00063DF2 /* MqttPublishProperties.swift */ = {isa = PBXFileReference; fileEncoding = 4; lastKnownFileType = sourcecode.swift; path = MqttPublishProperties.swift; sourceTree = "<group>"; };
		9228E8C427610A8500063DF2 /* CocoaMQTTProperty.swift */ = {isa = PBXFileReference; fileEncoding = 4; lastKnownFileType = sourcecode.swift; path = CocoaMQTTProperty.swift; sourceTree = "<group>"; };
		9228E8C827610A9100063DF2 /* CocoaMQTTReasonCode.swift */ = {isa = PBXFileReference; fileEncoding = 4; lastKnownFileType = sourcecode.swift; path = CocoaMQTTReasonCode.swift; sourceTree = "<group>"; };
		9228E8CC27610AA400063DF2 /* MqttAuthProperties.swift */ = {isa = PBXFileReference; fileEncoding = 4; lastKnownFileType = sourcecode.swift; path = MqttAuthProperties.swift; sourceTree = "<group>"; };
		9228E8CD27610AA400063DF2 /* MqttConnectProperties.swift */ = {isa = PBXFileReference; fileEncoding = 4; lastKnownFileType = sourcecode.swift; path = MqttConnectProperties.swift; sourceTree = "<group>"; };
/* End PBXFileReference section */

/* Begin PBXFrameworksBuildPhase section */
		111124A724BB515E00E2DFBC /* Frameworks */ = {
			isa = PBXFrameworksBuildPhase;
			buildActionMask = 2147483647;
			files = (
			);
			runOnlyForDeploymentPostprocessing = 0;
		};
		111124D124BB516300E2DFBC /* Frameworks */ = {
			isa = PBXFrameworksBuildPhase;
			buildActionMask = 2147483647;
			files = (
			);
			runOnlyForDeploymentPostprocessing = 0;
		};
		8225B52F227C2E8700E4DB51 /* Frameworks */ = {
			isa = PBXFrameworksBuildPhase;
			buildActionMask = 2147483647;
			files = (
			);
			runOnlyForDeploymentPostprocessing = 0;
		};
		8225B549227C32C500E4DB51 /* Frameworks */ = {
			isa = PBXFrameworksBuildPhase;
			buildActionMask = 2147483647;
			files = (
			);
			runOnlyForDeploymentPostprocessing = 0;
		};
/* End PBXFrameworksBuildPhase section */

/* Begin PBXGroup section */
		040997051C1B0B96006B5A6D = {
			isa = PBXGroup;
			children = (
				040997701C1B1070006B5A6D /* Source */,
				0409971D1C1B0B96006B5A6D /* CocoaMQTTTests */,
				C68B087463924483F8568675 /* Frameworks */,
				040997101C1B0B96006B5A6D /* Products */,
			);
			sourceTree = "<group>";
		};
		040997101C1B0B96006B5A6D /* Products */ = {
			isa = PBXGroup;
			children = (
				8225B532227C2E8700E4DB51 /* CocoaMQTT.framework */,
				8225B54C227C32C500E4DB51 /* CocoaMQTT-Tests.xctest */,
				111124B224BB515E00E2DFBC /* CocoaMQTT.framework */,
				111124DC24BB516400E2DFBC /* CocoaMQTT.framework */,
			);
			name = Products;
			sourceTree = "<group>";
		};
		0409971D1C1B0B96006B5A6D /* CocoaMQTTTests */ = {
			isa = PBXGroup;
			children = (
				8D7A262D23AF2FEA00CE7442 /* client-keycert.p12 */,
				0409971E1C1B0B96006B5A6D /* CocoaMQTTTests.swift */,
				8D14C7622345CAB5002D959E /* CocoaMQTTDeliverTests.swift */,
				8D14C7662349C2A3002D959E /* CocoaMQTTStorageTests.swift */,
				8270C4AA21DA6F6700C5D485 /* FrameTests.swift */,
				040997201C1B0B96006B5A6D /* Info.plist */,
			);
			path = CocoaMQTTTests;
			sourceTree = "<group>";
		};
		040997701C1B1070006B5A6D /* Source */ = {
			isa = PBXGroup;
			children = (
				9228E88B276109F200063DF2 /* FrameDecodeHelper */,
				6EC871E123A4214D00F69AE8 /* Socket */,
				8D43DE4922FAEABD00D9A06B /* Frame */,
				8D43DE4A22FAEAD800D9A06B /* Utils */,
				0409977A1C1B1529006B5A6D /* CocoaMQTT.swift */,
				0409977C1C1B1529006B5A6D /* CocoaMQTTMessage.swift */,
				9228E8B027610A4300063DF2 /* CocoaMQTT5.swift */,
				9228E8B127610A4300063DF2 /* CocoaMQTT5Message.swift */,
				8225B4D0227B2F2900E4DB51 /* CocoaMQTTDeliver.swift */,
				82CF1FAF22943B2100DF539A /* CocoaMQTTReader.swift */,
				040997791C1B14F0006B5A6D /* Supporting Files */,
			);
			path = Source;
			sourceTree = "<group>";
		};
		040997791C1B14F0006B5A6D /* Supporting Files */ = {
			isa = PBXGroup;
			children = (
				040997711C1B1070006B5A6D /* CocoaMQTT.h */,
				040997721C1B1070006B5A6D /* Info.plist */,
			);
			name = "Supporting Files";
			sourceTree = "<group>";
		};
		6EC871E123A4214D00F69AE8 /* Socket */ = {
			isa = PBXGroup;
			children = (
				6EC871E223A421A200F69AE8 /* CocoaMQTTSocket.swift */,
				6EC871E423A421DE00F69AE8 /* CocoaMQTTWebSocket.swift */,
			);
			name = Socket;
			sourceTree = "<group>";
		};
		8D43DE4922FAEABD00D9A06B /* Frame */ = {
			isa = PBXGroup;
			children = (
				0409977B1C1B1529006B5A6D /* Frame.swift */,
				8D43DE4B22FAEB8B00D9A06B /* FrameConnect.swift */,
				8D43DE4D22FAEC6700D9A06B /* FrameConnAck.swift */,
				8D43DE4F22FAED3400D9A06B /* FramePublish.swift */,
				8D43DE5122FAED7C00D9A06B /* FramePubAck.swift */,
				8D43DE5322FAEDCC00D9A06B /* FramePubRec.swift */,
				8D43DE5722FAEDE800D9A06B /* FramePubRel.swift */,
				8D43DE5522FAEDDA00D9A06B /* FramePubComp.swift */,
				8D43DE5922FAF37500D9A06B /* FrameSubscribe.swift */,
				8D43DE5B22FAF6A400D9A06B /* FrameSubAck.swift */,
				8D43DE5D22FAF9E500D9A06B /* FrameUnsubscribe.swift */,
				8D43DE5F22FAFC2700D9A06B /* FrameUnsubAck.swift */,
				8D43DE6122FAFDA700D9A06B /* FramePingReq.swift */,
				8D43DE6322FAFE5F00D9A06B /* FramePingResp.swift */,
				9228E887276109BB00063DF2 /* FrameAuth.swift */,
				8D43DE6522FAFF2500D9A06B /* FrameDisconnect.swift */,
			);
			name = Frame;
			sourceTree = "<group>";
		};
		8D43DE4A22FAEAD800D9A06B /* Utils */ = {
			isa = PBXGroup;
			children = (
				9228E8C827610A9100063DF2 /* CocoaMQTTReasonCode.swift */,
				9228E8C427610A8500063DF2 /* CocoaMQTTProperty.swift */,
				8225B4C8227B182200E4DB51 /* CocoaMQTTTimer.swift */,
				8225B4CC227B196F00E4DB51 /* CocoaMQTTLogger.swift */,
				82519C0622ACC6E100FA0815 /* CocoaMQTTTypes.swift */,
				8D14C7642349BAF5002D959E /* CocoaMQTTStorage.swift */,
			);
			name = Utils;
			sourceTree = "<group>";
		};
		9228E88B276109F200063DF2 /* FrameDecodeHelper */ = {
			isa = PBXGroup;
			children = (
				9228E8CC27610AA400063DF2 /* MqttAuthProperties.swift */,
				9228E8CD27610AA400063DF2 /* MqttConnectProperties.swift */,
				9228E8BD27610A7B00063DF2 /* MqttPublishProperties.swift */,
				9228E8BC27610A7B00063DF2 /* MqttSubscription.swift */,
				9228E88E27610A1000063DF2 /* MqttDecodeConnAck.swift */,
				9228E88D27610A1000063DF2 /* MqttDecodePubAck.swift */,
				9228E88F27610A1000063DF2 /* MqttDecodePubComp.swift */,
				9228E88C27610A1000063DF2 /* MqttDecodePublish.swift */,
				9228E89327610A1000063DF2 /* MqttDecodePubRec.swift */,
				9228E89127610A1000063DF2 /* MqttDecodePubRel.swift */,
				9228E89027610A1000063DF2 /* MqttDecodeSubAck.swift */,
				9228E89227610A1000063DF2 /* MqttDecodeUnsubAck.swift */,
			);
			name = FrameDecodeHelper;
			sourceTree = "<group>";
		};
		C68B087463924483F8568675 /* Frameworks */ = {
			isa = PBXGroup;
			children = (
			);
			name = Frameworks;
			sourceTree = "<group>";
		};
/* End PBXGroup section */

/* Begin PBXHeadersBuildPhase section */
		1111248B24BB515E00E2DFBC /* Headers */ = {
			isa = PBXHeadersBuildPhase;
			buildActionMask = 2147483647;
			files = (
				1111248C24BB515E00E2DFBC /* CocoaMQTT.h in Headers */,
			);
			runOnlyForDeploymentPostprocessing = 0;
		};
		111124B524BB516300E2DFBC /* Headers */ = {
			isa = PBXHeadersBuildPhase;
			buildActionMask = 2147483647;
			files = (
				111124B624BB516300E2DFBC /* CocoaMQTT.h in Headers */,
			);
			runOnlyForDeploymentPostprocessing = 0;
		};
		8225B52D227C2E8700E4DB51 /* Headers */ = {
			isa = PBXHeadersBuildPhase;
			buildActionMask = 2147483647;
			files = (
				8225B547227C312400E4DB51 /* CocoaMQTT.h in Headers */,
			);
			runOnlyForDeploymentPostprocessing = 0;
		};
/* End PBXHeadersBuildPhase section */

/* Begin PBXNativeTarget section */
		1111248A24BB515E00E2DFBC /* Mac CocoaMQTT */ = {
			isa = PBXNativeTarget;
			buildConfigurationList = 111124AF24BB515E00E2DFBC /* Build configuration list for PBXNativeTarget "Mac CocoaMQTT" */;
			buildPhases = (
				1111248B24BB515E00E2DFBC /* Headers */,
				1111248D24BB515E00E2DFBC /* Sources */,
				111124A724BB515E00E2DFBC /* Frameworks */,
				111124AA24BB515E00E2DFBC /* Resources */,
				111124AC24BB515E00E2DFBC /* Embed Frameworks */,
			);
			buildRules = (
			);
			dependencies = (
			);
			name = "Mac CocoaMQTT";
			productName = CocoaMQTT;
			productReference = 111124B224BB515E00E2DFBC /* CocoaMQTT.framework */;
			productType = "com.apple.product-type.framework";
		};
		111124B424BB516300E2DFBC /* tvOS CocoaMQTT */ = {
			isa = PBXNativeTarget;
			buildConfigurationList = 111124D924BB516400E2DFBC /* Build configuration list for PBXNativeTarget "tvOS CocoaMQTT" */;
			buildPhases = (
				111124B524BB516300E2DFBC /* Headers */,
				111124B724BB516300E2DFBC /* Sources */,
				111124D124BB516300E2DFBC /* Frameworks */,
				111124D424BB516300E2DFBC /* Resources */,
				111124D624BB516300E2DFBC /* Embed Frameworks */,
			);
			buildRules = (
			);
			dependencies = (
			);
			name = "tvOS CocoaMQTT";
			productName = CocoaMQTT;
			productReference = 111124DC24BB516400E2DFBC /* CocoaMQTT.framework */;
			productType = "com.apple.product-type.framework";
		};
		8225B531227C2E8700E4DB51 /* iOS CocoaMQTT */ = {
			isa = PBXNativeTarget;
			buildConfigurationList = 8225B537227C2E8700E4DB51 /* Build configuration list for PBXNativeTarget "iOS CocoaMQTT" */;
			buildPhases = (
				8225B52D227C2E8700E4DB51 /* Headers */,
				8225B52E227C2E8700E4DB51 /* Sources */,
				8225B52F227C2E8700E4DB51 /* Frameworks */,
				8225B530227C2E8700E4DB51 /* Resources */,
				1111242324BB4B7C00E2DFBC /* Embed Frameworks */,
			);
			buildRules = (
			);
			dependencies = (
			);
			name = "iOS CocoaMQTT";
			productName = CocoaMQTT;
			productReference = 8225B532227C2E8700E4DB51 /* CocoaMQTT.framework */;
			productType = "com.apple.product-type.framework";
		};
		8225B54B227C32C500E4DB51 /* CocoaMQTT-Tests */ = {
			isa = PBXNativeTarget;
			buildConfigurationList = 8225B551227C32C500E4DB51 /* Build configuration list for PBXNativeTarget "CocoaMQTT-Tests" */;
			buildPhases = (
				8225B548227C32C500E4DB51 /* Sources */,
				8225B549227C32C500E4DB51 /* Frameworks */,
				8225B54A227C32C500E4DB51 /* Resources */,
				8225B570227C377700E4DB51 /* ShellScript */,
				6E6C1F1923C5222E0002B8D9 /* CopyFiles */,
			);
			buildRules = (
			);
			dependencies = (
				8225B555227C333B00E4DB51 /* PBXTargetDependency */,
			);
			name = "CocoaMQTT-Tests";
			productName = "CocoaMQTT-Tests";
			productReference = 8225B54C227C32C500E4DB51 /* CocoaMQTT-Tests.xctest */;
			productType = "com.apple.product-type.bundle.unit-test";
		};
/* End PBXNativeTarget section */

/* Begin PBXProject section */
		040997061C1B0B96006B5A6D /* Project object */ = {
			isa = PBXProject;
			attributes = {
				LastSwiftUpdateCheck = 1140;
				LastUpgradeCheck = 1250;
				ORGANIZATIONNAME = emqx.io;
				TargetAttributes = {
					1111248A24BB515E00E2DFBC = {
						ProvisioningStyle = Automatic;
					};
					111124B424BB516300E2DFBC = {
						ProvisioningStyle = Automatic;
					};
					8225B531227C2E8700E4DB51 = {
						CreatedOnToolsVersion = 10.2.1;
						ProvisioningStyle = Automatic;
					};
					8225B54B227C32C500E4DB51 = {
						CreatedOnToolsVersion = 10.2.1;
					};
				};
			};
			buildConfigurationList = 040997091C1B0B96006B5A6D /* Build configuration list for PBXProject "CocoaMQTT" */;
			compatibilityVersion = "Xcode 3.2";
			developmentRegion = en;
			hasScannedForEncodings = 0;
			knownRegions = (
				en,
				Base,
			);
			mainGroup = 040997051C1B0B96006B5A6D;
			productRefGroup = 040997101C1B0B96006B5A6D /* Products */;
			projectDirPath = "";
			projectRoot = "";
			targets = (
				8225B531227C2E8700E4DB51 /* iOS CocoaMQTT */,
				8225B54B227C32C500E4DB51 /* CocoaMQTT-Tests */,
				1111248A24BB515E00E2DFBC /* Mac CocoaMQTT */,
				111124B424BB516300E2DFBC /* tvOS CocoaMQTT */,
			);
		};
/* End PBXProject section */

/* Begin PBXResourcesBuildPhase section */
		111124AA24BB515E00E2DFBC /* Resources */ = {
			isa = PBXResourcesBuildPhase;
			buildActionMask = 2147483647;
			files = (
			);
			runOnlyForDeploymentPostprocessing = 0;
		};
		111124D424BB516300E2DFBC /* Resources */ = {
			isa = PBXResourcesBuildPhase;
			buildActionMask = 2147483647;
			files = (
			);
			runOnlyForDeploymentPostprocessing = 0;
		};
		8225B530227C2E8700E4DB51 /* Resources */ = {
			isa = PBXResourcesBuildPhase;
			buildActionMask = 2147483647;
			files = (
			);
			runOnlyForDeploymentPostprocessing = 0;
		};
		8225B54A227C32C500E4DB51 /* Resources */ = {
			isa = PBXResourcesBuildPhase;
			buildActionMask = 2147483647;
			files = (
				8D7A262E23AF2FEA00CE7442 /* client-keycert.p12 in Resources */,
			);
			runOnlyForDeploymentPostprocessing = 0;
		};
/* End PBXResourcesBuildPhase section */

/* Begin PBXShellScriptBuildPhase section */
		8225B570227C377700E4DB51 /* ShellScript */ = {
			isa = PBXShellScriptBuildPhase;
			buildActionMask = 2147483647;
			files = (
			);
			inputFileListPaths = (
			);
			inputPaths = (
			);
			outputFileListPaths = (
			);
			outputPaths = (
			);
			runOnlyForDeploymentPostprocessing = 0;
			shellPath = /bin/sh;
			shellScript = "for path in $FRAMEWORK_SEARCH_PATHS\ndo\nif [ -d \"${path}/CocoaAsyncSocket.framework\" ] && [[ $path == *\"Carthage\"* ]]; then\nexport SCRIPT_INPUT_FILE_COUNT=1\nexport SCRIPT_INPUT_FILE_0=\"${path}/CocoaAsyncSocket.framework\"\n/usr/local/bin/carthage copy-frameworks\nbreak\nfi\ndone\n";
		};
/* End PBXShellScriptBuildPhase section */

/* Begin PBXSourcesBuildPhase section */
		1111248D24BB515E00E2DFBC /* Sources */ = {
			isa = PBXSourcesBuildPhase;
			buildActionMask = 2147483647;
			files = (
				1111248E24BB515E00E2DFBC /* CocoaMQTT.swift in Sources */,
				9228E8CF27610AA400063DF2 /* MqttAuthProperties.swift in Sources */,
				1111248F24BB515E00E2DFBC /* FrameConnAck.swift in Sources */,
				9228E8B627610A4300063DF2 /* CocoaMQTT5Message.swift in Sources */,
				1111249024BB515E00E2DFBC /* FramePublish.swift in Sources */,
				9228E8B327610A4300063DF2 /* CocoaMQTT5.swift in Sources */,
				1111249124BB515E00E2DFBC /* CocoaMQTTWebSocket.swift in Sources */,
				1111249224BB515E00E2DFBC /* CocoaMQTTReader.swift in Sources */,
				9228E8A427610A1000063DF2 /* MqttDecodePubRel.swift in Sources */,
				9228E8C227610A7B00063DF2 /* MqttPublishProperties.swift in Sources */,
				9228E89827610A1000063DF2 /* MqttDecodePubAck.swift in Sources */,
				1111249324BB515E00E2DFBC /* CocoaMQTTSocket.swift in Sources */,
				1111249424BB515E00E2DFBC /* Frame.swift in Sources */,
				9228E89B27610A1000063DF2 /* MqttDecodeConnAck.swift in Sources */,
				1111249524BB515E00E2DFBC /* FrameUnsubscribe.swift in Sources */,
				9228E8BF27610A7B00063DF2 /* MqttSubscription.swift in Sources */,
				9228E8A727610A1000063DF2 /* MqttDecodeUnsubAck.swift in Sources */,
				1111249624BB515E00E2DFBC /* CocoaMQTTStorage.swift in Sources */,
				1111249724BB515E00E2DFBC /* FrameUnsubAck.swift in Sources */,
				9228E89E27610A1000063DF2 /* MqttDecodePubComp.swift in Sources */,
				1111249824BB515E00E2DFBC /* CocoaMQTTMessage.swift in Sources */,
				1111249924BB515E00E2DFBC /* CocoaMQTTDeliver.swift in Sources */,
				1111249A24BB515E00E2DFBC /* CocoaMQTTTimer.swift in Sources */,
				9228E889276109BB00063DF2 /* FrameAuth.swift in Sources */,
				1111249B24BB515E00E2DFBC /* CocoaMQTTLogger.swift in Sources */,
				9228E8AA27610A1000063DF2 /* MqttDecodePubRec.swift in Sources */,
				1111249C24BB515E00E2DFBC /* FramePubRec.swift in Sources */,
				1111249D24BB515E00E2DFBC /* FrameSubAck.swift in Sources */,
				1111249E24BB515E00E2DFBC /* FrameDisconnect.swift in Sources */,
				1111249F24BB515E00E2DFBC /* FramePubAck.swift in Sources */,
				111124A024BB515E00E2DFBC /* FramePingReq.swift in Sources */,
				9228E89527610A1000063DF2 /* MqttDecodePublish.swift in Sources */,
				111124A124BB515E00E2DFBC /* FramePubRel.swift in Sources */,
				9228E8D227610AA400063DF2 /* MqttConnectProperties.swift in Sources */,
				111124A224BB515E00E2DFBC /* FrameSubscribe.swift in Sources */,
				9228E8A127610A1000063DF2 /* MqttDecodeSubAck.swift in Sources */,
				111124A324BB515E00E2DFBC /* FramePingResp.swift in Sources */,
				9228E8C627610A8500063DF2 /* CocoaMQTTProperty.swift in Sources */,
				111124A424BB515E00E2DFBC /* FramePubComp.swift in Sources */,
				111124A524BB515E00E2DFBC /* CocoaMQTTTypes.swift in Sources */,
				9228E8CA27610A9100063DF2 /* CocoaMQTTReasonCode.swift in Sources */,
				111124A624BB515E00E2DFBC /* FrameConnect.swift in Sources */,
			);
			runOnlyForDeploymentPostprocessing = 0;
		};
		111124B724BB516300E2DFBC /* Sources */ = {
			isa = PBXSourcesBuildPhase;
			buildActionMask = 2147483647;
			files = (
				111124B824BB516300E2DFBC /* CocoaMQTT.swift in Sources */,
				9228E8D027610AA400063DF2 /* MqttAuthProperties.swift in Sources */,
				111124B924BB516300E2DFBC /* FrameConnAck.swift in Sources */,
				9228E8B727610A4300063DF2 /* CocoaMQTT5Message.swift in Sources */,
				111124BA24BB516300E2DFBC /* FramePublish.swift in Sources */,
				9228E8B427610A4300063DF2 /* CocoaMQTT5.swift in Sources */,
				111124BB24BB516300E2DFBC /* CocoaMQTTWebSocket.swift in Sources */,
				111124BC24BB516300E2DFBC /* CocoaMQTTReader.swift in Sources */,
				9228E8A527610A1000063DF2 /* MqttDecodePubRel.swift in Sources */,
				9228E8C327610A7B00063DF2 /* MqttPublishProperties.swift in Sources */,
				9228E89927610A1000063DF2 /* MqttDecodePubAck.swift in Sources */,
				111124BD24BB516300E2DFBC /* CocoaMQTTSocket.swift in Sources */,
				111124BE24BB516300E2DFBC /* Frame.swift in Sources */,
				9228E89C27610A1000063DF2 /* MqttDecodeConnAck.swift in Sources */,
				111124BF24BB516300E2DFBC /* FrameUnsubscribe.swift in Sources */,
				9228E8C027610A7B00063DF2 /* MqttSubscription.swift in Sources */,
				9228E8A827610A1000063DF2 /* MqttDecodeUnsubAck.swift in Sources */,
				111124C024BB516300E2DFBC /* CocoaMQTTStorage.swift in Sources */,
				111124C124BB516300E2DFBC /* FrameUnsubAck.swift in Sources */,
				9228E89F27610A1000063DF2 /* MqttDecodePubComp.swift in Sources */,
				111124C224BB516300E2DFBC /* CocoaMQTTMessage.swift in Sources */,
				111124C324BB516300E2DFBC /* CocoaMQTTDeliver.swift in Sources */,
				111124C424BB516300E2DFBC /* CocoaMQTTTimer.swift in Sources */,
				9228E88A276109BB00063DF2 /* FrameAuth.swift in Sources */,
				111124C524BB516300E2DFBC /* CocoaMQTTLogger.swift in Sources */,
				9228E8AB27610A1000063DF2 /* MqttDecodePubRec.swift in Sources */,
				111124C624BB516300E2DFBC /* FramePubRec.swift in Sources */,
				111124C724BB516300E2DFBC /* FrameSubAck.swift in Sources */,
				111124C824BB516300E2DFBC /* FrameDisconnect.swift in Sources */,
				111124C924BB516300E2DFBC /* FramePubAck.swift in Sources */,
				111124CA24BB516300E2DFBC /* FramePingReq.swift in Sources */,
				9228E89627610A1000063DF2 /* MqttDecodePublish.swift in Sources */,
				111124CB24BB516300E2DFBC /* FramePubRel.swift in Sources */,
				9228E8D327610AA400063DF2 /* MqttConnectProperties.swift in Sources */,
				111124CC24BB516300E2DFBC /* FrameSubscribe.swift in Sources */,
				9228E8A227610A1000063DF2 /* MqttDecodeSubAck.swift in Sources */,
				111124CD24BB516300E2DFBC /* FramePingResp.swift in Sources */,
				9228E8C727610A8500063DF2 /* CocoaMQTTProperty.swift in Sources */,
				111124CE24BB516300E2DFBC /* FramePubComp.swift in Sources */,
				111124CF24BB516300E2DFBC /* CocoaMQTTTypes.swift in Sources */,
				9228E8CB27610A9100063DF2 /* CocoaMQTTReasonCode.swift in Sources */,
				111124D024BB516300E2DFBC /* FrameConnect.swift in Sources */,
			);
			runOnlyForDeploymentPostprocessing = 0;
		};
		8225B52E227C2E8700E4DB51 /* Sources */ = {
			isa = PBXSourcesBuildPhase;
			buildActionMask = 2147483647;
			files = (
				8225B53A227C2FC600E4DB51 /* CocoaMQTT.swift in Sources */,
				9228E8CE27610AA400063DF2 /* MqttAuthProperties.swift in Sources */,
				8D43DE4E22FAEC6700D9A06B /* FrameConnAck.swift in Sources */,
				9228E8B527610A4300063DF2 /* CocoaMQTT5Message.swift in Sources */,
				8D43DE5022FAED3400D9A06B /* FramePublish.swift in Sources */,
				9228E8B227610A4300063DF2 /* CocoaMQTT5.swift in Sources */,
				6EC871E523A421DE00F69AE8 /* CocoaMQTTWebSocket.swift in Sources */,
				82CF1FB022943B2100DF539A /* CocoaMQTTReader.swift in Sources */,
				9228E8A327610A1000063DF2 /* MqttDecodePubRel.swift in Sources */,
				9228E8C127610A7B00063DF2 /* MqttPublishProperties.swift in Sources */,
				9228E89727610A1000063DF2 /* MqttDecodePubAck.swift in Sources */,
				6EC871E323A421A200F69AE8 /* CocoaMQTTSocket.swift in Sources */,
				8225B53B227C2FC600E4DB51 /* Frame.swift in Sources */,
				9228E89A27610A1000063DF2 /* MqttDecodeConnAck.swift in Sources */,
				8D43DE5E22FAF9E500D9A06B /* FrameUnsubscribe.swift in Sources */,
				9228E8BE27610A7B00063DF2 /* MqttSubscription.swift in Sources */,
				9228E8A627610A1000063DF2 /* MqttDecodeUnsubAck.swift in Sources */,
				8D14C7652349BAF5002D959E /* CocoaMQTTStorage.swift in Sources */,
				8D43DE6022FAFC2700D9A06B /* FrameUnsubAck.swift in Sources */,
				9228E89D27610A1000063DF2 /* MqttDecodePubComp.swift in Sources */,
				8225B53C227C2FC600E4DB51 /* CocoaMQTTMessage.swift in Sources */,
				8225B53D227C2FC600E4DB51 /* CocoaMQTTDeliver.swift in Sources */,
				8225B53E227C2FC600E4DB51 /* CocoaMQTTTimer.swift in Sources */,
				9228E888276109BB00063DF2 /* FrameAuth.swift in Sources */,
				8225B53F227C2FC600E4DB51 /* CocoaMQTTLogger.swift in Sources */,
				9228E8A927610A1000063DF2 /* MqttDecodePubRec.swift in Sources */,
				8D43DE5422FAEDCC00D9A06B /* FramePubRec.swift in Sources */,
				8D43DE5C22FAF6A400D9A06B /* FrameSubAck.swift in Sources */,
				8D43DE6622FAFF2500D9A06B /* FrameDisconnect.swift in Sources */,
				8D43DE5222FAED7C00D9A06B /* FramePubAck.swift in Sources */,
				8D43DE6222FAFDA700D9A06B /* FramePingReq.swift in Sources */,
				9228E89427610A1000063DF2 /* MqttDecodePublish.swift in Sources */,
				8D43DE5822FAEDE800D9A06B /* FramePubRel.swift in Sources */,
				9228E8D127610AA400063DF2 /* MqttConnectProperties.swift in Sources */,
				8D43DE5A22FAF37500D9A06B /* FrameSubscribe.swift in Sources */,
				9228E8A027610A1000063DF2 /* MqttDecodeSubAck.swift in Sources */,
				8D43DE6422FAFE5F00D9A06B /* FramePingResp.swift in Sources */,
				9228E8C527610A8500063DF2 /* CocoaMQTTProperty.swift in Sources */,
				8D43DE5622FAEDDA00D9A06B /* FramePubComp.swift in Sources */,
				82519C0722ACC6E100FA0815 /* CocoaMQTTTypes.swift in Sources */,
				9228E8C927610A9100063DF2 /* CocoaMQTTReasonCode.swift in Sources */,
				8D43DE4C22FAEB8B00D9A06B /* FrameConnect.swift in Sources */,
			);
			runOnlyForDeploymentPostprocessing = 0;
		};
		8225B548227C32C500E4DB51 /* Sources */ = {
			isa = PBXSourcesBuildPhase;
			buildActionMask = 2147483647;
			files = (
				8D14C7632345CAB5002D959E /* CocoaMQTTDeliverTests.swift in Sources */,
				8D14C7672349C2A3002D959E /* CocoaMQTTStorageTests.swift in Sources */,
				8225B556227C334700E4DB51 /* CocoaMQTTTests.swift in Sources */,
				8225B557227C334700E4DB51 /* FrameTests.swift in Sources */,
			);
			runOnlyForDeploymentPostprocessing = 0;
		};
/* End PBXSourcesBuildPhase section */

/* Begin PBXTargetDependency section */
		8225B555227C333B00E4DB51 /* PBXTargetDependency */ = {
			isa = PBXTargetDependency;
			target = 8225B531227C2E8700E4DB51 /* iOS CocoaMQTT */;
			targetProxy = 8225B554227C333B00E4DB51 /* PBXContainerItemProxy */;
		};
/* End PBXTargetDependency section */

/* Begin XCBuildConfiguration section */
		040997211C1B0B96006B5A6D /* Debug */ = {
			isa = XCBuildConfiguration;
			buildSettings = {
				ALWAYS_SEARCH_USER_PATHS = NO;
				CLANG_CXX_LANGUAGE_STANDARD = "gnu++0x";
				CLANG_CXX_LIBRARY = "libc++";
				CLANG_ENABLE_MODULES = YES;
				CLANG_ENABLE_OBJC_ARC = YES;
				CLANG_WARN_BLOCK_CAPTURE_AUTORELEASING = YES;
				CLANG_WARN_BOOL_CONVERSION = YES;
				CLANG_WARN_COMMA = YES;
				CLANG_WARN_CONSTANT_CONVERSION = YES;
				CLANG_WARN_DEPRECATED_OBJC_IMPLEMENTATIONS = YES;
				CLANG_WARN_DIRECT_OBJC_ISA_USAGE = YES_ERROR;
				CLANG_WARN_EMPTY_BODY = YES;
				CLANG_WARN_ENUM_CONVERSION = YES;
				CLANG_WARN_INFINITE_RECURSION = YES;
				CLANG_WARN_INT_CONVERSION = YES;
				CLANG_WARN_NON_LITERAL_NULL_CONVERSION = YES;
				CLANG_WARN_OBJC_IMPLICIT_RETAIN_SELF = YES;
				CLANG_WARN_OBJC_LITERAL_CONVERSION = YES;
				CLANG_WARN_OBJC_ROOT_CLASS = YES_ERROR;
				CLANG_WARN_QUOTED_INCLUDE_IN_FRAMEWORK_HEADER = YES;
				CLANG_WARN_RANGE_LOOP_ANALYSIS = YES;
				CLANG_WARN_STRICT_PROTOTYPES = YES;
				CLANG_WARN_SUSPICIOUS_MOVE = YES;
				CLANG_WARN_UNREACHABLE_CODE = YES;
				CLANG_WARN__DUPLICATE_METHOD_MATCH = YES;
				COPY_PHASE_STRIP = NO;
				CURRENT_PROJECT_VERSION = 1;
				DEBUG_INFORMATION_FORMAT = dwarf;
				ENABLE_STRICT_OBJC_MSGSEND = YES;
				ENABLE_TESTABILITY = YES;
				"FRAMEWORK_SEARCH_PATHS[sdk=appletvos*]" = "$(PROJECT_DIR)/Carthage/Build/tvOS";
				"FRAMEWORK_SEARCH_PATHS[sdk=appletvsimulator*]" = "$(PROJECT_DIR)/Carthage/Build/tvOS";
				"FRAMEWORK_SEARCH_PATHS[sdk=iphoneos*]" = "$(PROJECT_DIR)/Carthage/Build/iOS";
				"FRAMEWORK_SEARCH_PATHS[sdk=iphonesimulator*]" = "$(PROJECT_DIR)/Carthage/Build/iOS";
				"FRAMEWORK_SEARCH_PATHS[sdk=macosx*]" = "$(PROJECT_DIR)/Carthage/Build/Mac";
				"FRAMEWORK_SEARCH_PATHS[sdk=watchos*]" = "$(PROJECT_DIR)/Carthage/Build/watchOS";
				"FRAMEWORK_SEARCH_PATHS[sdk=watchsimulator*]" = "$(PROJECT_DIR)/Carthage/Build/watchOS";
				GCC_C_LANGUAGE_STANDARD = gnu99;
				GCC_DYNAMIC_NO_PIC = NO;
				GCC_GENERATE_TEST_COVERAGE_FILES = YES;
				GCC_INSTRUMENT_PROGRAM_FLOW_ARCS = YES;
				GCC_NO_COMMON_BLOCKS = YES;
				GCC_OPTIMIZATION_LEVEL = 0;
				GCC_PREPROCESSOR_DEFINITIONS = (
					"DEBUG=1",
					"$(inherited)",
				);
				GCC_WARN_64_TO_32_BIT_CONVERSION = YES;
				GCC_WARN_ABOUT_RETURN_TYPE = YES_ERROR;
				GCC_WARN_UNDECLARED_SELECTOR = YES;
				GCC_WARN_UNINITIALIZED_AUTOS = YES_AGGRESSIVE;
				GCC_WARN_UNUSED_FUNCTION = YES;
				GCC_WARN_UNUSED_VARIABLE = YES;
				IPHONEOS_DEPLOYMENT_TARGET = 13.0;
				MACOSX_DEPLOYMENT_TARGET = 10.15;
				MTL_ENABLE_DEBUG_INFO = YES;
				ONLY_ACTIVE_ARCH = YES;
				SDKROOT = "";
				SUPPORTED_PLATFORMS = "macosx iphoneos iphonesimulator appletvos appletvsimulator";
				SWIFT_OBJC_BRIDGING_HEADER = "";
				SWIFT_OPTIMIZATION_LEVEL = "-Onone";
				SWIFT_VERSION = 5.0;
				TARGETED_DEVICE_FAMILY = "1,2";
				VALID_ARCHS = "i386 x86_64 armv7 armv7s armv7k arm64";
				VERSIONING_SYSTEM = "apple-generic";
				VERSION_INFO_PREFIX = "";
			};
			name = Debug;
		};
		040997221C1B0B96006B5A6D /* Release */ = {
			isa = XCBuildConfiguration;
			buildSettings = {
				ALWAYS_SEARCH_USER_PATHS = NO;
				CLANG_CXX_LANGUAGE_STANDARD = "gnu++0x";
				CLANG_CXX_LIBRARY = "libc++";
				CLANG_ENABLE_MODULES = YES;
				CLANG_ENABLE_OBJC_ARC = YES;
				CLANG_WARN_BLOCK_CAPTURE_AUTORELEASING = YES;
				CLANG_WARN_BOOL_CONVERSION = YES;
				CLANG_WARN_COMMA = YES;
				CLANG_WARN_CONSTANT_CONVERSION = YES;
				CLANG_WARN_DEPRECATED_OBJC_IMPLEMENTATIONS = YES;
				CLANG_WARN_DIRECT_OBJC_ISA_USAGE = YES_ERROR;
				CLANG_WARN_EMPTY_BODY = YES;
				CLANG_WARN_ENUM_CONVERSION = YES;
				CLANG_WARN_INFINITE_RECURSION = YES;
				CLANG_WARN_INT_CONVERSION = YES;
				CLANG_WARN_NON_LITERAL_NULL_CONVERSION = YES;
				CLANG_WARN_OBJC_IMPLICIT_RETAIN_SELF = YES;
				CLANG_WARN_OBJC_LITERAL_CONVERSION = YES;
				CLANG_WARN_OBJC_ROOT_CLASS = YES_ERROR;
				CLANG_WARN_QUOTED_INCLUDE_IN_FRAMEWORK_HEADER = YES;
				CLANG_WARN_RANGE_LOOP_ANALYSIS = YES;
				CLANG_WARN_STRICT_PROTOTYPES = YES;
				CLANG_WARN_SUSPICIOUS_MOVE = YES;
				CLANG_WARN_UNREACHABLE_CODE = YES;
				CLANG_WARN__DUPLICATE_METHOD_MATCH = YES;
				COPY_PHASE_STRIP = NO;
				CURRENT_PROJECT_VERSION = 1;
				DEBUG_INFORMATION_FORMAT = "dwarf-with-dsym";
				ENABLE_NS_ASSERTIONS = NO;
				ENABLE_STRICT_OBJC_MSGSEND = YES;
				"FRAMEWORK_SEARCH_PATHS[sdk=appletvos*]" = "$(PROJECT_DIR)/Carthage/Build/tvOS";
				"FRAMEWORK_SEARCH_PATHS[sdk=appletvsimulator*]" = "$(PROJECT_DIR)/Carthage/Build/tvOS";
				"FRAMEWORK_SEARCH_PATHS[sdk=iphoneos*]" = "$(PROJECT_DIR)/Carthage/Build/iOS";
				"FRAMEWORK_SEARCH_PATHS[sdk=iphonesimulator*]" = "$(PROJECT_DIR)/Carthage/Build/iOS";
				"FRAMEWORK_SEARCH_PATHS[sdk=macosx*]" = "$(PROJECT_DIR)/Carthage/Build/Mac";
				"FRAMEWORK_SEARCH_PATHS[sdk=watchos*]" = "$(PROJECT_DIR)/Carthage/Build/watchOS";
				"FRAMEWORK_SEARCH_PATHS[sdk=watchsimulator*]" = "$(PROJECT_DIR)/Carthage/Build/watchOS";
				GCC_C_LANGUAGE_STANDARD = gnu99;
				GCC_GENERATE_TEST_COVERAGE_FILES = YES;
				GCC_INSTRUMENT_PROGRAM_FLOW_ARCS = YES;
				GCC_NO_COMMON_BLOCKS = YES;
				GCC_WARN_64_TO_32_BIT_CONVERSION = YES;
				GCC_WARN_ABOUT_RETURN_TYPE = YES_ERROR;
				GCC_WARN_UNDECLARED_SELECTOR = YES;
				GCC_WARN_UNINITIALIZED_AUTOS = YES_AGGRESSIVE;
				GCC_WARN_UNUSED_FUNCTION = YES;
				GCC_WARN_UNUSED_VARIABLE = YES;
				IPHONEOS_DEPLOYMENT_TARGET = 13.0;
				MACOSX_DEPLOYMENT_TARGET = 10.15;
				MTL_ENABLE_DEBUG_INFO = NO;
				SDKROOT = "";
				SUPPORTED_PLATFORMS = "macosx iphoneos iphonesimulator appletvos appletvsimulator";
				SWIFT_OBJC_BRIDGING_HEADER = "";
				SWIFT_OPTIMIZATION_LEVEL = "-Owholemodule";
				SWIFT_VERSION = 5.0;
				TARGETED_DEVICE_FAMILY = "1,2";
				VALIDATE_PRODUCT = YES;
				VALID_ARCHS = "i386 x86_64 armv7 armv7s armv7k arm64";
				VERSIONING_SYSTEM = "apple-generic";
				VERSION_INFO_PREFIX = "";
			};
			name = Release;
		};
		111124B024BB515E00E2DFBC /* Debug */ = {
			isa = XCBuildConfiguration;
			buildSettings = {
				CLANG_ANALYZER_NONNULL = YES;
				CLANG_ANALYZER_NUMBER_OBJECT_CONVERSION = YES_AGGRESSIVE;
				CLANG_CXX_LANGUAGE_STANDARD = "gnu++14";
				CLANG_ENABLE_OBJC_WEAK = YES;
				CLANG_WARN_DOCUMENTATION_COMMENTS = YES;
				CLANG_WARN_UNGUARDED_AVAILABILITY = YES_AGGRESSIVE;
				CODE_SIGN_IDENTITY = "";
				CODE_SIGN_STYLE = Automatic;
				DEFINES_MODULE = YES;
				DEVELOPMENT_TEAM = "";
				DYLIB_COMPATIBILITY_VERSION = 1;
				DYLIB_CURRENT_VERSION = 1;
				DYLIB_INSTALL_NAME_BASE = "@rpath";
				FRAMEWORK_SEARCH_PATHS = (
					"$(inherited)",
					"$(PROJECT_DIR)/Carthage/Build/Mac",
				);
				GCC_C_LANGUAGE_STANDARD = gnu11;
				INFOPLIST_FILE = "$(SRCROOT)/Source/Info.plist";
				INSTALL_PATH = "$(LOCAL_LIBRARY_DIR)/Frameworks";
				LD_RUNPATH_SEARCH_PATHS = "$(inherited) @executable_path/Frameworks @loader_path/Frameworks";
				MACOSX_DEPLOYMENT_TARGET = 10.15;
				MTL_ENABLE_DEBUG_INFO = INCLUDE_SOURCE;
				MTL_FAST_MATH = YES;
				ONLY_ACTIVE_ARCH = NO;
				PRODUCT_BUNDLE_IDENTIFIER = io.emqx.CocoaMQTT;
				PRODUCT_NAME = "$(PROJECT_NAME)";
				PROVISIONING_PROFILE_SPECIFIER = "";
				SKIP_INSTALL = YES;
				SUPPORTED_PLATFORMS = macosx;
				SWIFT_ACTIVE_COMPILATION_CONDITIONS = DEBUG;
				SWIFT_VERSION = 5.0;
				TARGETED_DEVICE_FAMILY = "1,2";
				TVOS_DEPLOYMENT_TARGET = 12.0;
				VALIDATE_WORKSPACE = YES;
				VALID_ARCHS = "$(inherited)";
			};
			name = Debug;
		};
		111124B124BB515E00E2DFBC /* Release */ = {
			isa = XCBuildConfiguration;
			buildSettings = {
				CLANG_ANALYZER_NONNULL = YES;
				CLANG_ANALYZER_NUMBER_OBJECT_CONVERSION = YES_AGGRESSIVE;
				CLANG_CXX_LANGUAGE_STANDARD = "gnu++14";
				CLANG_ENABLE_OBJC_WEAK = YES;
				CLANG_WARN_DOCUMENTATION_COMMENTS = YES;
				CLANG_WARN_UNGUARDED_AVAILABILITY = YES_AGGRESSIVE;
				CODE_SIGN_IDENTITY = "";
				CODE_SIGN_STYLE = Automatic;
				DEFINES_MODULE = YES;
				DEVELOPMENT_TEAM = "";
				DYLIB_COMPATIBILITY_VERSION = 1;
				DYLIB_CURRENT_VERSION = 1;
				DYLIB_INSTALL_NAME_BASE = "@rpath";
				FRAMEWORK_SEARCH_PATHS = (
					"$(inherited)",
					"$(PROJECT_DIR)/Carthage/Build/Mac",
				);
				GCC_C_LANGUAGE_STANDARD = gnu11;
				INFOPLIST_FILE = "$(SRCROOT)/Source/Info.plist";
				INSTALL_PATH = "$(LOCAL_LIBRARY_DIR)/Frameworks";
				LD_RUNPATH_SEARCH_PATHS = "$(inherited) @executable_path/Frameworks @loader_path/Frameworks";
				MACOSX_DEPLOYMENT_TARGET = 10.15;
				MTL_FAST_MATH = YES;
				PRODUCT_BUNDLE_IDENTIFIER = io.emqx.CocoaMQTT;
				PRODUCT_NAME = "$(PROJECT_NAME)";
				PROVISIONING_PROFILE_SPECIFIER = "";
				SKIP_INSTALL = YES;
				SUPPORTED_PLATFORMS = macosx;
				SWIFT_VERSION = 5.0;
				TARGETED_DEVICE_FAMILY = "1,2";
				TVOS_DEPLOYMENT_TARGET = 12.0;
				VALIDATE_WORKSPACE = YES;
				VALID_ARCHS = "$(inherited)";
			};
			name = Release;
		};
		111124DA24BB516400E2DFBC /* Debug */ = {
			isa = XCBuildConfiguration;
			buildSettings = {
				CLANG_ANALYZER_NONNULL = YES;
				CLANG_ANALYZER_NUMBER_OBJECT_CONVERSION = YES_AGGRESSIVE;
				CLANG_CXX_LANGUAGE_STANDARD = "gnu++14";
				CLANG_ENABLE_OBJC_WEAK = YES;
				CLANG_WARN_DOCUMENTATION_COMMENTS = YES;
				CLANG_WARN_UNGUARDED_AVAILABILITY = YES_AGGRESSIVE;
				CODE_SIGN_IDENTITY = "";
				CODE_SIGN_STYLE = Automatic;
				DEFINES_MODULE = YES;
				DEVELOPMENT_TEAM = "";
				DYLIB_COMPATIBILITY_VERSION = 1;
				DYLIB_CURRENT_VERSION = 1;
				DYLIB_INSTALL_NAME_BASE = "@rpath";
				FRAMEWORK_SEARCH_PATHS = (
					"$(inherited)",
					"$(PROJECT_DIR)/Carthage/Build/tvOS",
				);
				GCC_C_LANGUAGE_STANDARD = gnu11;
				INFOPLIST_FILE = "$(SRCROOT)/Source/Info.plist";
				INSTALL_PATH = "$(LOCAL_LIBRARY_DIR)/Frameworks";
				LD_RUNPATH_SEARCH_PATHS = "$(inherited) @executable_path/Frameworks @loader_path/Frameworks";
				MACOSX_DEPLOYMENT_TARGET = 10.10;
				MTL_ENABLE_DEBUG_INFO = INCLUDE_SOURCE;
				MTL_FAST_MATH = YES;
				ONLY_ACTIVE_ARCH = NO;
				PRODUCT_BUNDLE_IDENTIFIER = io.emqx.CocoaMQTT;
				PRODUCT_NAME = "$(PROJECT_NAME)";
				PROVISIONING_PROFILE_SPECIFIER = "";
				SKIP_INSTALL = YES;
				SUPPORTED_PLATFORMS = "appletvsimulator appletvos";
				SWIFT_ACTIVE_COMPILATION_CONDITIONS = DEBUG;
				SWIFT_VERSION = 5.0;
				TARGETED_DEVICE_FAMILY = 3;
				TVOS_DEPLOYMENT_TARGET = 12.0;
				VALIDATE_WORKSPACE = YES;
				VALID_ARCHS = "$(inherited)";
			};
			name = Debug;
		};
		111124DB24BB516400E2DFBC /* Release */ = {
			isa = XCBuildConfiguration;
			buildSettings = {
				CLANG_ANALYZER_NONNULL = YES;
				CLANG_ANALYZER_NUMBER_OBJECT_CONVERSION = YES_AGGRESSIVE;
				CLANG_CXX_LANGUAGE_STANDARD = "gnu++14";
				CLANG_ENABLE_OBJC_WEAK = YES;
				CLANG_WARN_DOCUMENTATION_COMMENTS = YES;
				CLANG_WARN_UNGUARDED_AVAILABILITY = YES_AGGRESSIVE;
				CODE_SIGN_IDENTITY = "";
				CODE_SIGN_STYLE = Automatic;
				DEFINES_MODULE = YES;
				DEVELOPMENT_TEAM = "";
				DYLIB_COMPATIBILITY_VERSION = 1;
				DYLIB_CURRENT_VERSION = 1;
				DYLIB_INSTALL_NAME_BASE = "@rpath";
				FRAMEWORK_SEARCH_PATHS = (
					"$(inherited)",
					"$(PROJECT_DIR)/Carthage/Build/tvOS",
				);
				GCC_C_LANGUAGE_STANDARD = gnu11;
				INFOPLIST_FILE = "$(SRCROOT)/Source/Info.plist";
				INSTALL_PATH = "$(LOCAL_LIBRARY_DIR)/Frameworks";
				LD_RUNPATH_SEARCH_PATHS = "$(inherited) @executable_path/Frameworks @loader_path/Frameworks";
				MACOSX_DEPLOYMENT_TARGET = 10.10;
				MTL_FAST_MATH = YES;
				PRODUCT_BUNDLE_IDENTIFIER = io.emqx.CocoaMQTT;
				PRODUCT_NAME = "$(PROJECT_NAME)";
				PROVISIONING_PROFILE_SPECIFIER = "";
				SKIP_INSTALL = YES;
				SUPPORTED_PLATFORMS = "appletvsimulator appletvos";
				SWIFT_VERSION = 5.0;
				TARGETED_DEVICE_FAMILY = 3;
				TVOS_DEPLOYMENT_TARGET = 12.0;
				VALIDATE_WORKSPACE = YES;
				VALID_ARCHS = "$(inherited)";
			};
			name = Release;
		};
		8225B538227C2E8700E4DB51 /* Debug */ = {
			isa = XCBuildConfiguration;
			buildSettings = {
				APPLICATION_EXTENSION_API_ONLY = NO;
				CLANG_ANALYZER_NONNULL = YES;
				CLANG_ANALYZER_NUMBER_OBJECT_CONVERSION = YES_AGGRESSIVE;
				CLANG_CXX_LANGUAGE_STANDARD = "gnu++14";
				CLANG_ENABLE_OBJC_WEAK = YES;
				CLANG_WARN_DOCUMENTATION_COMMENTS = YES;
				CLANG_WARN_UNGUARDED_AVAILABILITY = YES_AGGRESSIVE;
				CODE_SIGN_IDENTITY = "";
				CODE_SIGN_STYLE = Automatic;
				DEFINES_MODULE = YES;
				DEVELOPMENT_TEAM = "";
				DYLIB_COMPATIBILITY_VERSION = 1;
				DYLIB_CURRENT_VERSION = 1;
				DYLIB_INSTALL_NAME_BASE = "@rpath";
				EXCLUDED_ARCHS = "";
				FRAMEWORK_SEARCH_PATHS = (
					"$(inherited)",
					"$(PROJECT_DIR)/Carthage/Build/iOS",
				);
				GCC_C_LANGUAGE_STANDARD = gnu11;
				INFOPLIST_FILE = "$(SRCROOT)/Source/Info.plist";
				INSTALL_PATH = "$(LOCAL_LIBRARY_DIR)/Frameworks";
				LD_RUNPATH_SEARCH_PATHS = "$(inherited) @executable_path/Frameworks @loader_path/Frameworks";
				MTL_ENABLE_DEBUG_INFO = INCLUDE_SOURCE;
				MTL_FAST_MATH = YES;
				ONLY_ACTIVE_ARCH = NO;
				PRODUCT_BUNDLE_IDENTIFIER = io.emqx.CocoaMQTT;
				PRODUCT_NAME = "$(PROJECT_NAME)";
				PROVISIONING_PROFILE_SPECIFIER = "";
				SKIP_INSTALL = YES;
				SUPPORTED_PLATFORMS = "iphonesimulator iphoneos";
				SWIFT_ACTIVE_COMPILATION_CONDITIONS = DEBUG;
				SWIFT_VERSION = 5.0;
				TARGETED_DEVICE_FAMILY = "1,2";
				TVOS_DEPLOYMENT_TARGET = 12.0;
				VALIDATE_WORKSPACE = YES;
				VALID_ARCHS = "arm64 armv7 armv7s";
			};
			name = Debug;
		};
		8225B539227C2E8700E4DB51 /* Release */ = {
			isa = XCBuildConfiguration;
			buildSettings = {
				APPLICATION_EXTENSION_API_ONLY = NO;
				CLANG_ANALYZER_NONNULL = YES;
				CLANG_ANALYZER_NUMBER_OBJECT_CONVERSION = YES_AGGRESSIVE;
				CLANG_CXX_LANGUAGE_STANDARD = "gnu++14";
				CLANG_ENABLE_OBJC_WEAK = YES;
				CLANG_WARN_DOCUMENTATION_COMMENTS = YES;
				CLANG_WARN_UNGUARDED_AVAILABILITY = YES_AGGRESSIVE;
				CODE_SIGN_IDENTITY = "";
				CODE_SIGN_STYLE = Automatic;
				DEFINES_MODULE = YES;
				DEVELOPMENT_TEAM = "";
				DYLIB_COMPATIBILITY_VERSION = 1;
				DYLIB_CURRENT_VERSION = 1;
				DYLIB_INSTALL_NAME_BASE = "@rpath";
				EXCLUDED_ARCHS = "";
				FRAMEWORK_SEARCH_PATHS = (
					"$(inherited)",
					"$(PROJECT_DIR)/Carthage/Build/iOS",
				);
				GCC_C_LANGUAGE_STANDARD = gnu11;
				INFOPLIST_FILE = "$(SRCROOT)/Source/Info.plist";
				INSTALL_PATH = "$(LOCAL_LIBRARY_DIR)/Frameworks";
				LD_RUNPATH_SEARCH_PATHS = "$(inherited) @executable_path/Frameworks @loader_path/Frameworks";
				MTL_FAST_MATH = YES;
				ONLY_ACTIVE_ARCH = NO;
				PRODUCT_BUNDLE_IDENTIFIER = io.emqx.CocoaMQTT;
				PRODUCT_NAME = "$(PROJECT_NAME)";
				PROVISIONING_PROFILE_SPECIFIER = "";
				SKIP_INSTALL = YES;
				SUPPORTED_PLATFORMS = "iphonesimulator iphoneos";
				SWIFT_VERSION = 5.0;
				TARGETED_DEVICE_FAMILY = "1,2";
				TVOS_DEPLOYMENT_TARGET = 12.0;
				VALIDATE_WORKSPACE = YES;
				VALID_ARCHS = "arm64 armv7 armv7s";
			};
			name = Release;
		};
		8225B552227C32C500E4DB51 /* Debug */ = {
			isa = XCBuildConfiguration;
			buildSettings = {
				CLANG_ANALYZER_NONNULL = YES;
				CLANG_ANALYZER_NUMBER_OBJECT_CONVERSION = YES_AGGRESSIVE;
				CLANG_CXX_LANGUAGE_STANDARD = "gnu++14";
				CLANG_ENABLE_OBJC_WEAK = YES;
				CLANG_WARN_DOCUMENTATION_COMMENTS = YES;
				CLANG_WARN_UNGUARDED_AVAILABILITY = YES_AGGRESSIVE;
				FRAMEWORK_SEARCH_PATHS = (
					"$(inherited)",
					"$(PROJECT_DIR)/Carthage/Build/iOS",
					"$(PROJECT_DIR)/Carthage/Build/Mac",
					"$(PROJECT_DIR)/Carthage/Build/tvOS",
				);
				GCC_C_LANGUAGE_STANDARD = gnu11;
				INFOPLIST_FILE = CocoaMQTTTests/Info.plist;
				LD_RUNPATH_SEARCH_PATHS = "$(inherited) @executable_path/Frameworks @loader_path/Frameworks";
				MTL_ENABLE_DEBUG_INFO = INCLUDE_SOURCE;
				MTL_FAST_MATH = YES;
				PRODUCT_BUNDLE_IDENTIFIER = "io.emqx.CocoaMQTT-Tests";
				PRODUCT_NAME = "$(TARGET_NAME)";
				SWIFT_ACTIVE_COMPILATION_CONDITIONS = DEBUG;
				SWIFT_VERSION = 5.0;
				TARGETED_DEVICE_FAMILY = "1,2";
			};
			name = Debug;
		};
		8225B553227C32C500E4DB51 /* Release */ = {
			isa = XCBuildConfiguration;
			buildSettings = {
				CLANG_ANALYZER_NONNULL = YES;
				CLANG_ANALYZER_NUMBER_OBJECT_CONVERSION = YES_AGGRESSIVE;
				CLANG_CXX_LANGUAGE_STANDARD = "gnu++14";
				CLANG_ENABLE_OBJC_WEAK = YES;
				CLANG_WARN_DOCUMENTATION_COMMENTS = YES;
				CLANG_WARN_UNGUARDED_AVAILABILITY = YES_AGGRESSIVE;
				FRAMEWORK_SEARCH_PATHS = (
					"$(inherited)",
					"$(PROJECT_DIR)/Carthage/Build/iOS",
					"$(PROJECT_DIR)/Carthage/Build/Mac",
					"$(PROJECT_DIR)/Carthage/Build/tvOS",
				);
				GCC_C_LANGUAGE_STANDARD = gnu11;
				INFOPLIST_FILE = CocoaMQTTTests/Info.plist;
				LD_RUNPATH_SEARCH_PATHS = "$(inherited) @executable_path/Frameworks @loader_path/Frameworks";
				MTL_FAST_MATH = YES;
				PRODUCT_BUNDLE_IDENTIFIER = "io.emqx.CocoaMQTT-Tests";
				PRODUCT_NAME = "$(TARGET_NAME)";
				SWIFT_VERSION = 5.0;
				TARGETED_DEVICE_FAMILY = "1,2";
			};
			name = Release;
		};
/* End XCBuildConfiguration section */

/* Begin XCConfigurationList section */
		040997091C1B0B96006B5A6D /* Build configuration list for PBXProject "CocoaMQTT" */ = {
			isa = XCConfigurationList;
			buildConfigurations = (
				040997211C1B0B96006B5A6D /* Debug */,
				040997221C1B0B96006B5A6D /* Release */,
			);
			defaultConfigurationIsVisible = 0;
			defaultConfigurationName = Release;
		};
		111124AF24BB515E00E2DFBC /* Build configuration list for PBXNativeTarget "Mac CocoaMQTT" */ = {
			isa = XCConfigurationList;
			buildConfigurations = (
				111124B024BB515E00E2DFBC /* Debug */,
				111124B124BB515E00E2DFBC /* Release */,
			);
			defaultConfigurationIsVisible = 0;
			defaultConfigurationName = Release;
		};
		111124D924BB516400E2DFBC /* Build configuration list for PBXNativeTarget "tvOS CocoaMQTT" */ = {
			isa = XCConfigurationList;
			buildConfigurations = (
				111124DA24BB516400E2DFBC /* Debug */,
				111124DB24BB516400E2DFBC /* Release */,
			);
			defaultConfigurationIsVisible = 0;
			defaultConfigurationName = Release;
		};
		8225B537227C2E8700E4DB51 /* Build configuration list for PBXNativeTarget "iOS CocoaMQTT" */ = {
			isa = XCConfigurationList;
			buildConfigurations = (
				8225B538227C2E8700E4DB51 /* Debug */,
				8225B539227C2E8700E4DB51 /* Release */,
			);
			defaultConfigurationIsVisible = 0;
			defaultConfigurationName = Release;
		};
		8225B551227C32C500E4DB51 /* Build configuration list for PBXNativeTarget "CocoaMQTT-Tests" */ = {
			isa = XCConfigurationList;
			buildConfigurations = (
				8225B552227C32C500E4DB51 /* Debug */,
				8225B553227C32C500E4DB51 /* Release */,
			);
			defaultConfigurationIsVisible = 0;
			defaultConfigurationName = Release;
		};
/* End XCConfigurationList section */
	};
	rootObject = 040997061C1B0B96006B5A6D /* Project object */;
}
