// !$*UTF8*$!
{
	archiveVersion = 1;
	classes = {
	};
	objectVersion = 46;
	objects = {

/* Begin PBXBuildFile section */
		04029F191DE3F183004513DD /* client-keycert.p12 in Resources */ = {isa = PBXBuildFile; fileRef = 04029F181DE3F176004513DD /* client-keycert.p12 */; };
		042448B31C366F2300F6A33E /* ChatMessage.swift in Sources */ = {isa = PBXBuildFile; fileRef = 042448B21C366F2300F6A33E /* ChatMessage.swift */; };
		04A7EAA01C362BC4004A40EF /* ChatRightMessageCell.swift in Sources */ = {isa = PBXBuildFile; fileRef = 04A7EA9F1C362BC4004A40EF /* ChatRightMessageCell.swift */; };
		04DB76581C1E7BB900776B4C /* AppDelegate.swift in Sources */ = {isa = PBXBuildFile; fileRef = 04DB76571C1E7BB900776B4C /* AppDelegate.swift */; };
		04DB765A1C1E7BB900776B4C /* ViewController.swift in Sources */ = {isa = PBXBuildFile; fileRef = 04DB76591C1E7BB900776B4C /* ViewController.swift */; };
		04DB765D1C1E7BB900776B4C /* Main.storyboard in Resources */ = {isa = PBXBuildFile; fileRef = 04DB765B1C1E7BB900776B4C /* Main.storyboard */; };
		04DB765F1C1E7BB900776B4C /* Assets.xcassets in Resources */ = {isa = PBXBuildFile; fileRef = 04DB765E1C1E7BB900776B4C /* Assets.xcassets */; };
		04DB76621C1E7BB900776B4C /* LaunchScreen.storyboard in Resources */ = {isa = PBXBuildFile; fileRef = 04DB76601C1E7BB900776B4C /* LaunchScreen.storyboard */; };
		04FE64871C2C41AE001E8F43 /* ChatViewController.swift in Sources */ = {isa = PBXBuildFile; fileRef = 04FE64861C2C41AE001E8F43 /* ChatViewController.swift */; };
		04FE64A71C2D9F75001E8F43 /* ChatLeftMessageCell.swift in Sources */ = {isa = PBXBuildFile; fileRef = 04FE64A61C2D9F75001E8F43 /* ChatLeftMessageCell.swift */; };
		DCA13C3025287722DD66DEF5 /* Pods_Example.framework in Frameworks */ = {isa = PBXBuildFile; fileRef = 7C2B190C3FBF2EC15466198C /* Pods_Example.framework */; };
/* End PBXBuildFile section */

/* Begin PBXCopyFilesBuildPhase section */
		04DB76C11C1E82F900776B4C /* Embed Frameworks */ = {
			isa = PBXCopyFilesBuildPhase;
			buildActionMask = 2147483647;
			dstPath = "";
			dstSubfolderSpec = 10;
			files = (
			);
			name = "Embed Frameworks";
			runOnlyForDeploymentPostprocessing = 0;
		};
/* End PBXCopyFilesBuildPhase section */

/* Begin PBXFileReference section */
		04029F181DE3F176004513DD /* client-keycert.p12 */ = {isa = PBXFileReference; lastKnownFileType = file; path = "client-keycert.p12"; sourceTree = "<group>"; };
		042448B21C366F2300F6A33E /* ChatMessage.swift */ = {isa = PBXFileReference; fileEncoding = 4; lastKnownFileType = sourcecode.swift; path = ChatMessage.swift; sourceTree = "<group>"; };
		04A7EA9F1C362BC4004A40EF /* ChatRightMessageCell.swift */ = {isa = PBXFileReference; fileEncoding = 4; lastKnownFileType = sourcecode.swift; path = ChatRightMessageCell.swift; sourceTree = "<group>"; };
		04DB76541C1E7BB900776B4C /* Example.app */ = {isa = PBXFileReference; explicitFileType = wrapper.application; includeInIndex = 0; path = Example.app; sourceTree = BUILT_PRODUCTS_DIR; };
		04DB76571C1E7BB900776B4C /* AppDelegate.swift */ = {isa = PBXFileReference; lastKnownFileType = sourcecode.swift; path = AppDelegate.swift; sourceTree = "<group>"; };
		04DB76591C1E7BB900776B4C /* ViewController.swift */ = {isa = PBXFileReference; lastKnownFileType = sourcecode.swift; path = ViewController.swift; sourceTree = "<group>"; };
		04DB765C1C1E7BB900776B4C /* Base */ = {isa = PBXFileReference; lastKnownFileType = file.storyboard; name = Base; path = Base.lproj/Main.storyboard; sourceTree = "<group>"; };
		04DB765E1C1E7BB900776B4C /* Assets.xcassets */ = {isa = PBXFileReference; lastKnownFileType = folder.assetcatalog; path = Assets.xcassets; sourceTree = "<group>"; };
		04DB76611C1E7BB900776B4C /* Base */ = {isa = PBXFileReference; lastKnownFileType = file.storyboard; name = Base; path = Base.lproj/LaunchScreen.storyboard; sourceTree = "<group>"; };
		04DB76631C1E7BB900776B4C /* Info.plist */ = {isa = PBXFileReference; lastKnownFileType = text.plist.xml; path = Info.plist; sourceTree = "<group>"; };
		04FE64861C2C41AE001E8F43 /* ChatViewController.swift */ = {isa = PBXFileReference; fileEncoding = 4; lastKnownFileType = sourcecode.swift; path = ChatViewController.swift; sourceTree = "<group>"; };
		04FE64A61C2D9F75001E8F43 /* ChatLeftMessageCell.swift */ = {isa = PBXFileReference; fileEncoding = 4; lastKnownFileType = sourcecode.swift; path = ChatLeftMessageCell.swift; sourceTree = "<group>"; };
		7C2B190C3FBF2EC15466198C /* Pods_Example.framework */ = {isa = PBXFileReference; explicitFileType = wrapper.framework; includeInIndex = 0; path = Pods_Example.framework; sourceTree = BUILT_PRODUCTS_DIR; };
		A632A27CCA3C31D8F8120C8A /* Pods-Example.debug.xcconfig */ = {isa = PBXFileReference; includeInIndex = 1; lastKnownFileType = text.xcconfig; name = "Pods-Example.debug.xcconfig"; path = "Pods/Target Support Files/Pods-Example/Pods-Example.debug.xcconfig"; sourceTree = "<group>"; };
		F464F97160EF63D352C6F1BC /* Pods-Example.release.xcconfig */ = {isa = PBXFileReference; includeInIndex = 1; lastKnownFileType = text.xcconfig; name = "Pods-Example.release.xcconfig"; path = "Pods/Target Support Files/Pods-Example/Pods-Example.release.xcconfig"; sourceTree = "<group>"; };
/* End PBXFileReference section */

/* Begin PBXFrameworksBuildPhase section */
		04DB76511C1E7BB900776B4C /* Frameworks */ = {
			isa = PBXFrameworksBuildPhase;
			buildActionMask = 2147483647;
			files = (
				DCA13C3025287722DD66DEF5 /* Pods_Example.framework in Frameworks */,
			);
			runOnlyForDeploymentPostprocessing = 0;
		};
/* End PBXFrameworksBuildPhase section */

/* Begin PBXGroup section */
		04DB764B1C1E7BB800776B4C = {
			isa = PBXGroup;
			children = (
				04DB76561C1E7BB900776B4C /* Example */,
				04DB76551C1E7BB900776B4C /* Products */,
				DD8DF426A25B5A196C4976C1 /* Pods */,
				E3D87B0BAFD8697B373C36BD /* Frameworks */,
			);
			sourceTree = "<group>";
		};
		04DB76551C1E7BB900776B4C /* Products */ = {
			isa = PBXGroup;
			children = (
				04DB76541C1E7BB900776B4C /* Example.app */,
			);
			name = Products;
			sourceTree = "<group>";
		};
		04DB76561C1E7BB900776B4C /* Example */ = {
			isa = PBXGroup;
			children = (
				04DB76591C1E7BB900776B4C /* ViewController.swift */,
				04FE64861C2C41AE001E8F43 /* ChatViewController.swift */,
				04FE64A61C2D9F75001E8F43 /* ChatLeftMessageCell.swift */,
				04A7EA9F1C362BC4004A40EF /* ChatRightMessageCell.swift */,
				042448B21C366F2300F6A33E /* ChatMessage.swift */,
				04DB765B1C1E7BB900776B4C /* Main.storyboard */,
				04DB767C1C1E7C2D00776B4C /* Supporting Files */,
			);
			path = Example;
			sourceTree = "<group>";
		};
		04DB767C1C1E7C2D00776B4C /* Supporting Files */ = {
			isa = PBXGroup;
			children = (
				04029F181DE3F176004513DD /* client-keycert.p12 */,
				04DB765E1C1E7BB900776B4C /* Assets.xcassets */,
				04DB76571C1E7BB900776B4C /* AppDelegate.swift */,
				04DB76601C1E7BB900776B4C /* LaunchScreen.storyboard */,
				04DB76631C1E7BB900776B4C /* Info.plist */,
			);
			name = "Supporting Files";
			sourceTree = "<group>";
		};
		DD8DF426A25B5A196C4976C1 /* Pods */ = {
			isa = PBXGroup;
			children = (
				A632A27CCA3C31D8F8120C8A /* Pods-Example.debug.xcconfig */,
				F464F97160EF63D352C6F1BC /* Pods-Example.release.xcconfig */,
			);
			name = Pods;
			sourceTree = "<group>";
		};
		E3D87B0BAFD8697B373C36BD /* Frameworks */ = {
			isa = PBXGroup;
			children = (
				7C2B190C3FBF2EC15466198C /* Pods_Example.framework */,
			);
			name = Frameworks;
			sourceTree = "<group>";
		};
/* End PBXGroup section */

/* Begin PBXNativeTarget section */
		04DB76531C1E7BB900776B4C /* Example */ = {
			isa = PBXNativeTarget;
			buildConfigurationList = 04DB76661C1E7BB900776B4C /* Build configuration list for PBXNativeTarget "Example" */;
			buildPhases = (
				B8B6F59ED9B3CFAB8AA29288 /* [CP] Check Pods Manifest.lock */,
				04DB76501C1E7BB900776B4C /* Sources */,
				04DB76511C1E7BB900776B4C /* Frameworks */,
				04DB76521C1E7BB900776B4C /* Resources */,
				04DB76C11C1E82F900776B4C /* Embed Frameworks */,
				E0F8AAEF93B4208443D3BB24 /* [CP] Embed Pods Frameworks */,
				B7657B971EAE8359B74B4EF1 /* [CP] Copy Pods Resources */,
			);
			buildRules = (
			);
			dependencies = (
			);
			name = Example;
			productName = Example;
			productReference = 04DB76541C1E7BB900776B4C /* Example.app */;
			productType = "com.apple.product-type.application";
		};
/* End PBXNativeTarget section */

/* Begin PBXProject section */
		04DB764C1C1E7BB800776B4C /* Project object */ = {
			isa = PBXProject;
			attributes = {
				LastSwiftUpdateCheck = 0710;
				LastUpgradeCheck = 0800;
				ORGANIZATIONNAME = emqtt.io;
				TargetAttributes = {
					04DB76531C1E7BB900776B4C = {
						CreatedOnToolsVersion = 7.1.1;
						DevelopmentTeam = 43Z4G3YJ6R;
						LastSwiftMigration = 0800;
					};
				};
			};
			buildConfigurationList = 04DB764F1C1E7BB800776B4C /* Build configuration list for PBXProject "Example" */;
			compatibilityVersion = "Xcode 3.2";
			developmentRegion = English;
			hasScannedForEncodings = 0;
			knownRegions = (
				en,
				Base,
			);
			mainGroup = 04DB764B1C1E7BB800776B4C;
			productRefGroup = 04DB76551C1E7BB900776B4C /* Products */;
			projectDirPath = "";
			projectRoot = "";
			targets = (
				04DB76531C1E7BB900776B4C /* Example */,
			);
		};
/* End PBXProject section */

/* Begin PBXResourcesBuildPhase section */
		04DB76521C1E7BB900776B4C /* Resources */ = {
			isa = PBXResourcesBuildPhase;
			buildActionMask = 2147483647;
			files = (
				04029F191DE3F183004513DD /* client-keycert.p12 in Resources */,
				04DB76621C1E7BB900776B4C /* LaunchScreen.storyboard in Resources */,
				04DB765F1C1E7BB900776B4C /* Assets.xcassets in Resources */,
				04DB765D1C1E7BB900776B4C /* Main.storyboard in Resources */,
			);
			runOnlyForDeploymentPostprocessing = 0;
		};
/* End PBXResourcesBuildPhase section */

/* Begin PBXShellScriptBuildPhase section */
		B7657B971EAE8359B74B4EF1 /* [CP] Copy Pods Resources */ = {
			isa = PBXShellScriptBuildPhase;
			buildActionMask = 2147483647;
			files = (
			);
			inputPaths = (
			);
			name = "[CP] Copy Pods Resources";
			outputPaths = (
			);
			runOnlyForDeploymentPostprocessing = 0;
			shellPath = /bin/sh;
			shellScript = "\"${SRCROOT}/Pods/Target Support Files/Pods-Example/Pods-Example-resources.sh\"\n";
			showEnvVarsInLog = 0;
		};
		B8B6F59ED9B3CFAB8AA29288 /* [CP] Check Pods Manifest.lock */ = {
			isa = PBXShellScriptBuildPhase;
			buildActionMask = 2147483647;
			files = (
			);
			inputPaths = (
			);
			name = "[CP] Check Pods Manifest.lock";
			outputPaths = (
			);
			runOnlyForDeploymentPostprocessing = 0;
			shellPath = /bin/sh;
			shellScript = "diff \"${PODS_ROOT}/../Podfile.lock\" \"${PODS_ROOT}/Manifest.lock\" > /dev/null\nif [ $? != 0 ] ; then\n    # print error to STDERR\n    echo \"error: The sandbox is not in sync with the Podfile.lock. Run 'pod install' or update your CocoaPods installation.\" >&2\n    exit 1\nfi\n";
			showEnvVarsInLog = 0;
		};
		E0F8AAEF93B4208443D3BB24 /* [CP] Embed Pods Frameworks */ = {
			isa = PBXShellScriptBuildPhase;
			buildActionMask = 2147483647;
			files = (
			);
			inputPaths = (
			);
			name = "[CP] Embed Pods Frameworks";
			outputPaths = (
			);
			runOnlyForDeploymentPostprocessing = 0;
			shellPath = /bin/sh;
			shellScript = "\"${SRCROOT}/Pods/Target Support Files/Pods-Example/Pods-Example-frameworks.sh\"\n";
			showEnvVarsInLog = 0;
		};
/* End PBXShellScriptBuildPhase section */

/* Begin PBXSourcesBuildPhase section */
		04DB76501C1E7BB900776B4C /* Sources */ = {
			isa = PBXSourcesBuildPhase;
			buildActionMask = 2147483647;
			files = (
				04FE64A71C2D9F75001E8F43 /* ChatLeftMessageCell.swift in Sources */,
				04A7EAA01C362BC4004A40EF /* ChatRightMessageCell.swift in Sources */,
				04DB765A1C1E7BB900776B4C /* ViewController.swift in Sources */,
				042448B31C366F2300F6A33E /* ChatMessage.swift in Sources */,
				04FE64871C2C41AE001E8F43 /* ChatViewController.swift in Sources */,
				04DB76581C1E7BB900776B4C /* AppDelegate.swift in Sources */,
			);
			runOnlyForDeploymentPostprocessing = 0;
		};
/* End PBXSourcesBuildPhase section */

/* Begin PBXVariantGroup section */
		04DB765B1C1E7BB900776B4C /* Main.storyboard */ = {
			isa = PBXVariantGroup;
			children = (
				04DB765C1C1E7BB900776B4C /* Base */,
			);
			name = Main.storyboard;
			sourceTree = "<group>";
		};
		04DB76601C1E7BB900776B4C /* LaunchScreen.storyboard */ = {
			isa = PBXVariantGroup;
			children = (
				04DB76611C1E7BB900776B4C /* Base */,
			);
			name = LaunchScreen.storyboard;
			sourceTree = "<group>";
		};
/* End PBXVariantGroup section */

/* Begin XCBuildConfiguration section */
		04DB76641C1E7BB900776B4C /* Debug */ = {
			isa = XCBuildConfiguration;
			buildSettings = {
				ALWAYS_SEARCH_USER_PATHS = NO;
				CLANG_CXX_LANGUAGE_STANDARD = "gnu++0x";
				CLANG_CXX_LIBRARY = "libc++";
				CLANG_ENABLE_MODULES = YES;
				CLANG_ENABLE_OBJC_ARC = YES;
				CLANG_WARN_BOOL_CONVERSION = YES;
				CLANG_WARN_CONSTANT_CONVERSION = YES;
				CLANG_WARN_DIRECT_OBJC_ISA_USAGE = YES_ERROR;
				CLANG_WARN_EMPTY_BODY = YES;
				CLANG_WARN_ENUM_CONVERSION = YES;
				CLANG_WARN_INFINITE_RECURSION = YES;
				CLANG_WARN_INT_CONVERSION = YES;
				CLANG_WARN_OBJC_ROOT_CLASS = YES_ERROR;
				CLANG_WARN_SUSPICIOUS_MOVE = YES;
				CLANG_WARN_UNREACHABLE_CODE = YES;
				CLANG_WARN__DUPLICATE_METHOD_MATCH = YES;
				"CODE_SIGN_IDENTITY[sdk=iphoneos*]" = "iPhone Developer";
				COPY_PHASE_STRIP = NO;
				DEBUG_INFORMATION_FORMAT = dwarf;
				ENABLE_STRICT_OBJC_MSGSEND = YES;
				ENABLE_TESTABILITY = YES;
				GCC_C_LANGUAGE_STANDARD = gnu99;
				GCC_DYNAMIC_NO_PIC = NO;
				GCC_NO_COMMON_BLOCKS = YES;
				GCC_OPTIMIZATION_LEVEL = 0;
				GCC_PREPROCESSOR_DEFINITIONS = (
					"DEBUG=1",
					"$(inherited)",
				);
				GCC_WARN_64_TO_32_BIT_CONVERSION = YES;
				GCC_WARN_ABOUT_RETURN_TYPE = YES_ERROR;
				GCC_WARN_UNDECLARED_SELECTOR = YES;
				GCC_WARN_UNINITIALIZED_AUTOS = YES_AGGRESSIVE;
				GCC_WARN_UNUSED_FUNCTION = YES;
				GCC_WARN_UNUSED_VARIABLE = YES;
				IPHONEOS_DEPLOYMENT_TARGET = 9.1;
				MTL_ENABLE_DEBUG_INFO = YES;
				ONLY_ACTIVE_ARCH = YES;
				SDKROOT = iphoneos;
				SWIFT_OPTIMIZATION_LEVEL = "-Onone";
			};
			name = Debug;
		};
		04DB76651C1E7BB900776B4C /* Release */ = {
			isa = XCBuildConfiguration;
			buildSettings = {
				ALWAYS_SEARCH_USER_PATHS = NO;
				CLANG_CXX_LANGUAGE_STANDARD = "gnu++0x";
				CLANG_CXX_LIBRARY = "libc++";
				CLANG_ENABLE_MODULES = YES;
				CLANG_ENABLE_OBJC_ARC = YES;
				CLANG_WARN_BOOL_CONVERSION = YES;
				CLANG_WARN_CONSTANT_CONVERSION = YES;
				CLANG_WARN_DIRECT_OBJC_ISA_USAGE = YES_ERROR;
				CLANG_WARN_EMPTY_BODY = YES;
				CLANG_WARN_ENUM_CONVERSION = YES;
				CLANG_WARN_INFINITE_RECURSION = YES;
				CLANG_WARN_INT_CONVERSION = YES;
				CLANG_WARN_OBJC_ROOT_CLASS = YES_ERROR;
				CLANG_WARN_SUSPICIOUS_MOVE = YES;
				CLANG_WARN_UNREACHABLE_CODE = YES;
				CLANG_WARN__DUPLICATE_METHOD_MATCH = YES;
				"CODE_SIGN_IDENTITY[sdk=iphoneos*]" = "iPhone Developer";
				COPY_PHASE_STRIP = NO;
				DEBUG_INFORMATION_FORMAT = "dwarf-with-dsym";
				ENABLE_NS_ASSERTIONS = NO;
				ENABLE_STRICT_OBJC_MSGSEND = YES;
				GCC_C_LANGUAGE_STANDARD = gnu99;
				GCC_NO_COMMON_BLOCKS = YES;
				GCC_WARN_64_TO_32_BIT_CONVERSION = YES;
				GCC_WARN_ABOUT_RETURN_TYPE = YES_ERROR;
				GCC_WARN_UNDECLARED_SELECTOR = YES;
				GCC_WARN_UNINITIALIZED_AUTOS = YES_AGGRESSIVE;
				GCC_WARN_UNUSED_FUNCTION = YES;
				GCC_WARN_UNUSED_VARIABLE = YES;
				IPHONEOS_DEPLOYMENT_TARGET = 9.1;
				MTL_ENABLE_DEBUG_INFO = NO;
				SDKROOT = iphoneos;
				SWIFT_OPTIMIZATION_LEVEL = "-Owholemodule";
				VALIDATE_PRODUCT = YES;
			};
			name = Release;
		};
		04DB76671C1E7BB900776B4C /* Debug */ = {
			isa = XCBuildConfiguration;
			baseConfigurationReference = A632A27CCA3C31D8F8120C8A /* Pods-Example.debug.xcconfig */;
			buildSettings = {
				ALWAYS_EMBED_SWIFT_STANDARD_LIBRARIES = YES;
				ASSETCATALOG_COMPILER_APPICON_NAME = AppIcon;
				CODE_SIGN_IDENTITY = "iPhone Developer";
				"CODE_SIGN_IDENTITY[sdk=iphoneos*]" = "iPhone Developer";
				INFOPLIST_FILE = Example/Info.plist;
				IPHONEOS_DEPLOYMENT_TARGET = 8.0;
				LD_RUNPATH_SEARCH_PATHS = "$(inherited) @executable_path/Frameworks";
				PRODUCT_BUNDLE_IDENTIFIER = io.emqtt.ChatExample;
				PRODUCT_NAME = "$(TARGET_NAME)";
				PROVISIONING_PROFILE = "";
				SWIFT_VERSION = 3.0;
			};
			name = Debug;
		};
		04DB76681C1E7BB900776B4C /* Release */ = {
			isa = XCBuildConfiguration;
			baseConfigurationReference = F464F97160EF63D352C6F1BC /* Pods-Example.release.xcconfig */;
			buildSettings = {
				ALWAYS_EMBED_SWIFT_STANDARD_LIBRARIES = YES;
				ASSETCATALOG_COMPILER_APPICON_NAME = AppIcon;
				CODE_SIGN_IDENTITY = "iPhone Developer";
				"CODE_SIGN_IDENTITY[sdk=iphoneos*]" = "iPhone Developer";
				INFOPLIST_FILE = Example/Info.plist;
				IPHONEOS_DEPLOYMENT_TARGET = 8.0;
				LD_RUNPATH_SEARCH_PATHS = "$(inherited) @executable_path/Frameworks";
				PRODUCT_BUNDLE_IDENTIFIER = io.emqtt.ChatExample;
				PRODUCT_NAME = "$(TARGET_NAME)";
				PROVISIONING_PROFILE = "";
				SWIFT_VERSION = 3.0;
			};
			name = Release;
		};
/* End XCBuildConfiguration section */

/* Begin XCConfigurationList section */
		04DB764F1C1E7BB800776B4C /* Build configuration list for PBXProject "Example" */ = {
			isa = XCConfigurationList;
			buildConfigurations = (
				04DB76641C1E7BB900776B4C /* Debug */,
				04DB76651C1E7BB900776B4C /* Release */,
			);
			defaultConfigurationIsVisible = 0;
			defaultConfigurationName = Release;
		};
		04DB76661C1E7BB900776B4C /* Build configuration list for PBXNativeTarget "Example" */ = {
			isa = XCConfigurationList;
			buildConfigurations = (
				04DB76671C1E7BB900776B4C /* Debug */,
				04DB76681C1E7BB900776B4C /* Release */,
			);
			defaultConfigurationIsVisible = 0;
			defaultConfigurationName = Release;
		};
/* End XCConfigurationList section */
	};
	rootObject = 04DB764C1C1E7BB800776B4C /* Project object */;
}
