{
  "originHash" : "c66e096c5d7cf6ada1928002b025c19dce5ca8654a070c11590d23da849b0245",
  "pins" : [
    {
      "identity" : "mqttcocoaasyncsocket",
      "kind" : "remoteSourceControl",
      "location" : "https://github.com/leeway1208/MqttCocoaAsyncSocket",
      "state" : {
        "revision" : "ce3e18607fd01079495f86ff6195d8a3ca469f73",
        "version" : "1.0.8"
      }
    }
  ],
  "version" : 3
}
